// !$*UTF8*$!
{
	archiveVersion = 1;
	classes = {
	};
	objectVersion = 46;
	objects = {

/* Begin PBXBuildFile section */
		A0084D871EB53ECE00976F4A /* DiscoverViewController.m in Sources */ = {isa = PBXBuildFile; fileRef = A0084D861EB53ECE00976F4A /* DiscoverViewController.m */; };
		A0084D8B1EB5B7DD00976F4A /* BrowseViewController.m in Sources */ = {isa = PBXBuildFile; fileRef = A0084D8A1EB5B7DD00976F4A /* BrowseViewController.m */; };
		A0084D8F1EB5BAB700976F4A /* BrowsePlayerNode.m in Sources */ = {isa = PBXBuildFile; fileRef = A0084D8E1EB5BAB700976F4A /* BrowsePlayerNode.m */; };
		A023D75A1E8AF39800F23D85 /* ReviewCollectionViewCell.m in Sources */ = {isa = PBXBuildFile; fileRef = A023D7591E8AF39800F23D85 /* ReviewCollectionViewCell.m */; };
		A0282C131E5F5BB400CE089F /* HoursTableViewCell.m in Sources */ = {isa = PBXBuildFile; fileRef = A0282C121E5F5BB400CE089F /* HoursTableViewCell.m */; };
		A028D53D1E7795F1001C7E89 /* LayoutBounds.m in Sources */ = {isa = PBXBuildFile; fileRef = A028D53C1E7795F1001C7E89 /* LayoutBounds.m */; };
		A028D5431E7858B2001C7E89 /* RestaurantDetailsTableViewCell.m in Sources */ = {isa = PBXBuildFile; fileRef = A028D5421E7858B2001C7E89 /* RestaurantDetailsTableViewCell.m */; };
		A028D54A1E789FC4001C7E89 /* MenuTableViewCell.m in Sources */ = {isa = PBXBuildFile; fileRef = A028D5491E789FC4001C7E89 /* MenuTableViewCell.m */; };
		A02B80BE1E6E75A6005EA0CE /* TPLRestaurantManager.m in Sources */ = {isa = PBXBuildFile; fileRef = A02B80BD1E6E75A6005EA0CE /* TPLRestaurantManager.m */; };
		A02D2EE61E53C501003E65F3 /* TPLChartSectionView.m in Sources */ = {isa = PBXBuildFile; fileRef = A02D2EE51E53C501003E65F3 /* TPLChartSectionView.m */; };
		A02D2EE91E53CAD2003E65F3 /* TPLExpandedChartController.m in Sources */ = {isa = PBXBuildFile; fileRef = A02D2EE81E53CAD2003E65F3 /* TPLExpandedChartController.m */; };
		A02D2EEF1E5508B4003E65F3 /* UsernamePromptViewController.m in Sources */ = {isa = PBXBuildFile; fileRef = A02D2EEE1E5508B4003E65F3 /* UsernamePromptViewController.m */; };
		A02D2EF21E5512FC003E65F3 /* BRWSearchView.m in Sources */ = {isa = PBXBuildFile; fileRef = A02D2EF11E5512FC003E65F3 /* BRWSearchView.m */; };
		A02D2EFC1E566012003E65F3 /* User.m in Sources */ = {isa = PBXBuildFile; fileRef = A02D2EFB1E566012003E65F3 /* User.m */; };
		A02D2F061E57B00E003E65F3 /* UserProfileView.m in Sources */ = {isa = PBXBuildFile; fileRef = A02D2F051E57B00E003E65F3 /* UserProfileView.m */; };
		A02D2F0D1E580F41003E65F3 /* RestaurantAlbumViewController.m in Sources */ = {isa = PBXBuildFile; fileRef = A02D2F0C1E580F41003E65F3 /* RestaurantAlbumViewController.m */; };
		A02D2F181E58EED1003E65F3 /* MetricsDisplayCell.m in Sources */ = {isa = PBXBuildFile; fileRef = A02D2F171E58EED1003E65F3 /* MetricsDisplayCell.m */; };
		A02D2F201E5A2521003E65F3 /* RestaurantInfoTableViewCell.m in Sources */ = {isa = PBXBuildFile; fileRef = A02D2F1F1E5A2521003E65F3 /* RestaurantInfoTableViewCell.m */; };
		A02D2F291E5A497E003E65F3 /* UserProfileViewController.m in Sources */ = {isa = PBXBuildFile; fileRef = A02D2F281E5A497E003E65F3 /* UserProfileViewController.m */; };
		A033E5A11E43E76300D4B9AC /* NSString+IsEmpty.m in Sources */ = {isa = PBXBuildFile; fileRef = A033E5A01E43E76300D4B9AC /* NSString+IsEmpty.m */; };
		A033E5A41E43E7C600D4B9AC /* NSString+Trim.m in Sources */ = {isa = PBXBuildFile; fileRef = A033E59D1E43E74900D4B9AC /* NSString+Trim.m */; };
		A03448AC1EB6594B00C37BE4 /* BrowseVideo.m in Sources */ = {isa = PBXBuildFile; fileRef = A03448AB1EB6594B00C37BE4 /* BrowseVideo.m */; };
		A039F8811E99F5280093CE24 /* CategoryCollectionViewCell.m in Sources */ = {isa = PBXBuildFile; fileRef = A039F8801E99F5280093CE24 /* CategoryCollectionViewCell.m */; };
		A039F8851E9A0D560093CE24 /* AnimationPreviewViewController.m in Sources */ = {isa = PBXBuildFile; fileRef = A039F8841E9A0D560093CE24 /* AnimationPreviewViewController.m */; };
		A039F8881E9A0DD90093CE24 /* AssetPreviewViewController.m in Sources */ = {isa = PBXBuildFile; fileRef = A039F8871E9A0DD90093CE24 /* AssetPreviewViewController.m */; };
		A039F88D1E9AB8D90093CE24 /* PreviewAnimation.m in Sources */ = {isa = PBXBuildFile; fileRef = A039F88C1E9AB8D90093CE24 /* PreviewAnimation.m */; };
		A039F8941E9AF45B0093CE24 /* UIDeviceHardware.m in Sources */ = {isa = PBXBuildFile; fileRef = A039F8931E9AF45B0093CE24 /* UIDeviceHardware.m */; };
		A039F8A01E9C45D80093CE24 /* SearchFilterView.m in Sources */ = {isa = PBXBuildFile; fileRef = A039F89F1E9C45D80093CE24 /* SearchFilterView.m */; };
		A039F8A31E9D3D930093CE24 /* ResultTableViewCell.m in Sources */ = {isa = PBXBuildFile; fileRef = A039F8A21E9D3D930093CE24 /* ResultTableViewCell.m */; };
		A039F8A61E9D7B980093CE24 /* Category.m in Sources */ = {isa = PBXBuildFile; fileRef = A039F8A51E9D7B980093CE24 /* Category.m */; };
		A039F8AA1EA805780093CE24 /* ExpandedChartCollectionViewCell.m in Sources */ = {isa = PBXBuildFile; fileRef = A039F8A91EA805780093CE24 /* ExpandedChartCollectionViewCell.m */; };
		A04B99621E70016E004AE07A /* PriceFilterView.m in Sources */ = {isa = PBXBuildFile; fileRef = A04B99611E70016E004AE07A /* PriceFilterView.m */; };
		A04B996C1E7204AA004AE07A /* UIFont+Extension.m in Sources */ = {isa = PBXBuildFile; fileRef = A04B996B1E7204AA004AE07A /* UIFont+Extension.m */; };
		A04B99861E720A51004AE07A /* Nunito-Regular.ttf in Resources */ = {isa = PBXBuildFile; fileRef = A04B99801E72087A004AE07A /* Nunito-Regular.ttf */; };
		A04B99871E720A61004AE07A /* Nunito-Bold.ttf in Resources */ = {isa = PBXBuildFile; fileRef = A04B997B1E72087A004AE07A /* Nunito-Bold.ttf */; };
		A04B99881E720A61004AE07A /* Nunito-Medium.ttf in Resources */ = {isa = PBXBuildFile; fileRef = A04B997F1E72087A004AE07A /* Nunito-Medium.ttf */; };
		A04B99891E720A61004AE07A /* Nunito-SemiBold.ttf in Resources */ = {isa = PBXBuildFile; fileRef = A04B99811E72087A004AE07A /* Nunito-SemiBold.ttf */; };
		A04B998B1E720B6C004AE07A /* Nunito-Light.ttf in Resources */ = {isa = PBXBuildFile; fileRef = A04B997E1E72087A004AE07A /* Nunito-Light.ttf */; };
		A04B998F1E7265D0004AE07A /* RestaurantSearchViewController.m in Sources */ = {isa = PBXBuildFile; fileRef = A04B998E1E7265D0004AE07A /* RestaurantSearchViewController.m */; };
		A04B99931E72676F004AE07A /* RestaurantReview.m in Sources */ = {isa = PBXBuildFile; fileRef = A04B99921E72676F004AE07A /* RestaurantReview.m */; };
		A04B999A1E7480AE004AE07A /* TabCameraViewController.m in Sources */ = {isa = PBXBuildFile; fileRef = A04B99991E7480AE004AE07A /* TabCameraViewController.m */; };
		A04B999D1E74ABC5004AE07A /* HealthFilterView.m in Sources */ = {isa = PBXBuildFile; fileRef = A04B999C1E74ABC5004AE07A /* HealthFilterView.m */; };
		A04B99A31E74CE7E004AE07A /* SuggestionTableViewCell.m in Sources */ = {isa = PBXBuildFile; fileRef = A04B99A21E74CE7E004AE07A /* SuggestionTableViewCell.m */; };
		A04B9F841EC0E79800E11809 /* UIImage+Utilities.m in Sources */ = {isa = PBXBuildFile; fileRef = A04B9F831EC0E79800E11809 /* UIImage+Utilities.m */; };
		A04B9F891EC263E800E11809 /* AlbumCellNode.m in Sources */ = {isa = PBXBuildFile; fileRef = A04B9F881EC263E800E11809 /* AlbumCellNode.m */; };
		A0529A851E4AA61500150557 /* FilterView.m in Sources */ = {isa = PBXBuildFile; fileRef = A0529A841E4AA61500150557 /* FilterView.m */; };
		A0529A881E4AA66500150557 /* TasteFilterView.m in Sources */ = {isa = PBXBuildFile; fileRef = A0529A871E4AA66500150557 /* TasteFilterView.m */; };
		A054C3571E84E3C900A3D90B /* ServiceErrorView.m in Sources */ = {isa = PBXBuildFile; fileRef = A054C3561E84E3C900A3D90B /* ServiceErrorView.m */; };
		A0595ED91E45810E001BB324 /* TPLCameraPreviewView.m in Sources */ = {isa = PBXBuildFile; fileRef = A0595ED81E45810E001BB324 /* TPLCameraPreviewView.m */; };
		A0595EDC1E458124001BB324 /* TPLCamPhotoCaptureDelegate.m in Sources */ = {isa = PBXBuildFile; fileRef = A0595EDB1E458124001BB324 /* TPLCamPhotoCaptureDelegate.m */; };
		A0595EFB1E46F910001BB324 /* CoreMedia.framework in Frameworks */ = {isa = PBXBuildFile; fileRef = A0595EFA1E46F910001BB324 /* CoreMedia.framework */; };
		A0595EFD1E46F914001BB324 /* CoreVideo.framework in Frameworks */ = {isa = PBXBuildFile; fileRef = A0595EFC1E46F914001BB324 /* CoreVideo.framework */; };
		A0595EFF1E46F918001BB324 /* OpenGLES.framework in Frameworks */ = {isa = PBXBuildFile; fileRef = A0595EFE1E46F918001BB324 /* OpenGLES.framework */; };
		A0595F011E46F921001BB324 /* AVFoundation.framework in Frameworks */ = {isa = PBXBuildFile; fileRef = A0595F001E46F921001BB324 /* AVFoundation.framework */; };
		A0595F031E46F929001BB324 /* QuartzCore.framework in Frameworks */ = {isa = PBXBuildFile; fileRef = A0595F021E46F929001BB324 /* QuartzCore.framework */; };
		A0595F061E47BD19001BB324 /* TPLFilterScrollView.m in Sources */ = {isa = PBXBuildFile; fileRef = A0595F051E47BD19001BB324 /* TPLFilterScrollView.m */; };
		A0595F0D1E47C92B001BB324 /* TPLAssetPreviewController.m in Sources */ = {isa = PBXBuildFile; fileRef = A0595F0C1E47C92B001BB324 /* TPLAssetPreviewController.m */; };
		A06AFC6E1E3FBEE1006ED71E /* MapKit.framework in Frameworks */ = {isa = PBXBuildFile; fileRef = A06AFC6D1E3FBEE1006ED71E /* MapKit.framework */; };
		A07FB4461EBA73B1001CDF89 /* BrowseContentManager.m in Sources */ = {isa = PBXBuildFile; fileRef = A07FB4451EBA73B1001CDF89 /* BrowseContentManager.m */; };
		A084A6671E3D3A3A008A3DCE /* TPLChartsViewModel.m in Sources */ = {isa = PBXBuildFile; fileRef = A084A6661E3D3A3A008A3DCE /* TPLChartsViewModel.m */; };
		A084A66A1E3D3FDF008A3DCE /* TPLRestaurantPageViewController.m in Sources */ = {isa = PBXBuildFile; fileRef = A084A6691E3D3FDF008A3DCE /* TPLRestaurantPageViewController.m */; };
		A08742D61E8DB7EE00C2AACC /* FoodheadAnalytics.m in Sources */ = {isa = PBXBuildFile; fileRef = A08742D51E8DB7EE00C2AACC /* FoodheadAnalytics.m */; };
		A08742D81E8DC72A00C2AACC /* Flurry_iOS_SDK.framework in Frameworks */ = {isa = PBXBuildFile; fileRef = A08742D71E8DC72A00C2AACC /* Flurry_iOS_SDK.framework */; };
		A088C5741E7B4C1900ACA764 /* PermissionViewController.m in Sources */ = {isa = PBXBuildFile; fileRef = A088C5731E7B4C1900ACA764 /* PermissionViewController.m */; };
		A088C57F1E7CDB0700ACA764 /* Chart.m in Sources */ = {isa = PBXBuildFile; fileRef = A088C57E1E7CDB0700ACA764 /* Chart.m */; };
		A088C5861E7CDB8B00ACA764 /* Places.m in Sources */ = {isa = PBXBuildFile; fileRef = A088C5851E7CDB8B00ACA764 /* Places.m */; };
		A088C5911E7E2DD200ACA764 /* HealthRatingView.m in Sources */ = {isa = PBXBuildFile; fileRef = A088C5901E7E2DD200ACA764 /* HealthRatingView.m */; };
		A088C5941E7E2DDC00ACA764 /* OverallRatingView.m in Sources */ = {isa = PBXBuildFile; fileRef = A088C5931E7E2DDC00ACA764 /* OverallRatingView.m */; };
		A088C5971E7E2DE700ACA764 /* PriceRatingView.m in Sources */ = {isa = PBXBuildFile; fileRef = A088C5961E7E2DE700ACA764 /* PriceRatingView.m */; };
		A088C59A1E7E2DF600ACA764 /* RatingContainerView.m in Sources */ = {isa = PBXBuildFile; fileRef = A088C5991E7E2DF600ACA764 /* RatingContainerView.m */; };
		A088C5AC1E80806F00ACA764 /* UserReview.m in Sources */ = {isa = PBXBuildFile; fileRef = A088C5AB1E80806F00ACA764 /* UserReview.m */; };
		A088C5B01E80937000ACA764 /* ReviewMetricView.m in Sources */ = {isa = PBXBuildFile; fileRef = A088C5AF1E80937000ACA764 /* ReviewMetricView.m */; };
		A088C5B91E83936B00ACA764 /* SettingsViewController.m in Sources */ = {isa = PBXBuildFile; fileRef = A088C5B81E83936B00ACA764 /* SettingsViewController.m */; };
		A088C5BC1E8393FB00ACA764 /* SettingsTableViewCell.m in Sources */ = {isa = PBXBuildFile; fileRef = A088C5BB1E8393FB00ACA764 /* SettingsTableViewCell.m */; };
		A088C5BF1E84B4C400ACA764 /* UserFeedbackViewController.m in Sources */ = {isa = PBXBuildFile; fileRef = A088C5BE1E84B4C400ACA764 /* UserFeedbackViewController.m */; };
		A08B823E1E5FA7AD00132F6B /* TPLChartCollectionCell.m in Sources */ = {isa = PBXBuildFile; fileRef = A08B823D1E5FA7AD00132F6B /* TPLChartCollectionCell.m */; };
		A093388A1EB3F8DA000DCD3C /* DiscoverNode.m in Sources */ = {isa = PBXBuildFile; fileRef = A09338891EB3F8DA000DCD3C /* DiscoverNode.m */; };
		A0B28F5D1E93844B00656253 /* AttributionTableViewCell.m in Sources */ = {isa = PBXBuildFile; fileRef = A0B28F5C1E93844B00656253 /* AttributionTableViewCell.m */; };
		A0BED0D41E7A622F00D21298 /* AlbumViewController.m in Sources */ = {isa = PBXBuildFile; fileRef = A0BED0D31E7A622F00D21298 /* AlbumViewController.m */; };
		A0BED0D71E7A7ACE00D21298 /* WebViewController.m in Sources */ = {isa = PBXBuildFile; fileRef = A0BED0D61E7A7ACE00D21298 /* WebViewController.m */; };
		A0C86DB51E6CFF9500FB3C0B /* TPLDetailedRestaurant.m in Sources */ = {isa = PBXBuildFile; fileRef = A0C86DB41E6CFF9500FB3C0B /* TPLDetailedRestaurant.m */; };
		A0D418D81E3695C0004DDC6C /* LoginViewController.m in Sources */ = {isa = PBXBuildFile; fileRef = A0D418D71E3695C0004DDC6C /* LoginViewController.m */; };
		A0D418E31E3698B0004DDC6C /* UserAuthManager.m in Sources */ = {isa = PBXBuildFile; fileRef = A0D418E21E3698B0004DDC6C /* UserAuthManager.m */; };
		A0E844051E28034000BE98B1 /* main.m in Sources */ = {isa = PBXBuildFile; fileRef = A0E844041E28034000BE98B1 /* main.m */; };
		A0E844081E28034000BE98B1 /* AppDelegate.m in Sources */ = {isa = PBXBuildFile; fileRef = A0E844071E28034000BE98B1 /* AppDelegate.m */; };
		A0E8440B1E28034000BE98B1 /* ChartsViewController.m in Sources */ = {isa = PBXBuildFile; fileRef = A0E8440A1E28034000BE98B1 /* ChartsViewController.m */; };
		A0E844101E28034000BE98B1 /* Assets.xcassets in Resources */ = {isa = PBXBuildFile; fileRef = A0E8440F1E28034000BE98B1 /* Assets.xcassets */; };
		A0E844131E28034000BE98B1 /* LaunchScreen.storyboard in Resources */ = {isa = PBXBuildFile; fileRef = A0E844111E28034000BE98B1 /* LaunchScreen.storyboard */; };
		A0E8441F1E2806FE00BE98B1 /* TabledCollectionCell.m in Sources */ = {isa = PBXBuildFile; fileRef = A0E8441E1E2806FE00BE98B1 /* TabledCollectionCell.m */; };
		A0E844221E28071200BE98B1 /* ImageCollectionCell.m in Sources */ = {isa = PBXBuildFile; fileRef = A0E844211E28071200BE98B1 /* ImageCollectionCell.m */; };
		A0E844241E283AEF00BE98B1 /* Bolts.framework in Frameworks */ = {isa = PBXBuildFile; fileRef = A0E844231E283AEF00BE98B1 /* Bolts.framework */; };
		A0E844271E283B0200BE98B1 /* FBSDKCoreKit.framework in Frameworks */ = {isa = PBXBuildFile; fileRef = A0E844251E283B0200BE98B1 /* FBSDKCoreKit.framework */; };
		A0E844281E283B0200BE98B1 /* FBSDKLoginKit.framework in Frameworks */ = {isa = PBXBuildFile; fileRef = A0E844261E283B0200BE98B1 /* FBSDKLoginKit.framework */; };
		A0E8442A1E283B0800BE98B1 /* FBSDKShareKit.framework in Frameworks */ = {isa = PBXBuildFile; fileRef = A0E844291E283B0800BE98B1 /* FBSDKShareKit.framework */; };
		A0ED828B1E427BCB0029D96E /* TPLRestaurantPageViewModel.m in Sources */ = {isa = PBXBuildFile; fileRef = A0ED828A1E427BCB0029D96E /* TPLRestaurantPageViewModel.m */; };
		A0EDD6B01E9762A3007A2445 /* SearchViewController.m in Sources */ = {isa = PBXBuildFile; fileRef = A0EDD6AF1E9762A3007A2445 /* SearchViewController.m */; };
		A0EDD6B41E980947007A2445 /* SearchTableViewCell.m in Sources */ = {isa = PBXBuildFile; fileRef = A0EDD6B31E980947007A2445 /* SearchTableViewCell.m */; };
		A0F0D3BD1EC5169100B60040 /* DiscoverRealm.m in Sources */ = {isa = PBXBuildFile; fileRef = A0F0D3BC1EC5169100B60040 /* DiscoverRealm.m */; };
		A0F0D3C01EC5169E00B60040 /* BrowseVideoRealm.m in Sources */ = {isa = PBXBuildFile; fileRef = A0F0D3BF1EC5169E00B60040 /* BrowseVideoRealm.m */; };
		A0F4CCCA1E3811F0003D56A9 /* LocationManager.m in Sources */ = {isa = PBXBuildFile; fileRef = A0F4CCC91E3811F0003D56A9 /* LocationManager.m */; };
		A0F4CCCD1E3836B7003D56A9 /* TPLRestaurant.m in Sources */ = {isa = PBXBuildFile; fileRef = A0F4CCCC1E3836B7003D56A9 /* TPLRestaurant.m */; };
		A0F4CCD11E383873003D56A9 /* TPLChartsDataSource.m in Sources */ = {isa = PBXBuildFile; fileRef = A0F4CCD01E383873003D56A9 /* TPLChartsDataSource.m */; };
		A0F4CCD81E38408C003D56A9 /* TabledCollectionManager.m in Sources */ = {isa = PBXBuildFile; fileRef = A0F4CCD71E38408C003D56A9 /* TabledCollectionManager.m */; };
		C4811BDA920F39627F0B8191 /* Pods_Foodhead.framework in Frameworks */ = {isa = PBXBuildFile; fileRef = DDA12B69485225EB1396599E /* Pods_Foodhead.framework */; };
/* End PBXBuildFile section */

/* Begin PBXFileReference section */
		3139FE4D95A83584004CB270 /* Pods-Foodhead.development.xcconfig */ = {isa = PBXFileReference; includeInIndex = 1; lastKnownFileType = text.xcconfig; name = "Pods-Foodhead.development.xcconfig"; path = "Pods/Target Support Files/Pods-Foodhead/Pods-Foodhead.development.xcconfig"; sourceTree = "<group>"; };
		A0084D851EB53ECE00976F4A /* DiscoverViewController.h */ = {isa = PBXFileReference; fileEncoding = 4; lastKnownFileType = sourcecode.c.h; path = DiscoverViewController.h; sourceTree = "<group>"; };
		A0084D861EB53ECE00976F4A /* DiscoverViewController.m */ = {isa = PBXFileReference; fileEncoding = 4; lastKnownFileType = sourcecode.c.objc; path = DiscoverViewController.m; sourceTree = "<group>"; };
		A0084D891EB5B7DD00976F4A /* BrowseViewController.h */ = {isa = PBXFileReference; fileEncoding = 4; lastKnownFileType = sourcecode.c.h; path = BrowseViewController.h; sourceTree = "<group>"; };
		A0084D8A1EB5B7DD00976F4A /* BrowseViewController.m */ = {isa = PBXFileReference; fileEncoding = 4; lastKnownFileType = sourcecode.c.objc; path = BrowseViewController.m; sourceTree = "<group>"; };
		A0084D8D1EB5BAB700976F4A /* BrowsePlayerNode.h */ = {isa = PBXFileReference; fileEncoding = 4; lastKnownFileType = sourcecode.c.h; path = BrowsePlayerNode.h; sourceTree = "<group>"; };
		A0084D8E1EB5BAB700976F4A /* BrowsePlayerNode.m */ = {isa = PBXFileReference; fileEncoding = 4; lastKnownFileType = sourcecode.c.objc; path = BrowsePlayerNode.m; sourceTree = "<group>"; };
		A023D7581E8AF39800F23D85 /* ReviewCollectionViewCell.h */ = {isa = PBXFileReference; fileEncoding = 4; lastKnownFileType = sourcecode.c.h; path = ReviewCollectionViewCell.h; sourceTree = "<group>"; };
		A023D7591E8AF39800F23D85 /* ReviewCollectionViewCell.m */ = {isa = PBXFileReference; fileEncoding = 4; lastKnownFileType = sourcecode.c.objc; path = ReviewCollectionViewCell.m; sourceTree = "<group>"; };
		A0282C111E5F5BB400CE089F /* HoursTableViewCell.h */ = {isa = PBXFileReference; fileEncoding = 4; lastKnownFileType = sourcecode.c.h; path = HoursTableViewCell.h; sourceTree = "<group>"; };
		A0282C121E5F5BB400CE089F /* HoursTableViewCell.m */ = {isa = PBXFileReference; fileEncoding = 4; lastKnownFileType = sourcecode.c.objc; path = HoursTableViewCell.m; sourceTree = "<group>"; };
		A028D53B1E7795F1001C7E89 /* LayoutBounds.h */ = {isa = PBXFileReference; fileEncoding = 4; lastKnownFileType = sourcecode.c.h; name = LayoutBounds.h; path = ../LayoutBounds.h; sourceTree = "<group>"; };
		A028D53C1E7795F1001C7E89 /* LayoutBounds.m */ = {isa = PBXFileReference; fileEncoding = 4; lastKnownFileType = sourcecode.c.objc; name = LayoutBounds.m; path = ../LayoutBounds.m; sourceTree = "<group>"; };
		A028D5411E7858B2001C7E89 /* RestaurantDetailsTableViewCell.h */ = {isa = PBXFileReference; fileEncoding = 4; lastKnownFileType = sourcecode.c.h; path = RestaurantDetailsTableViewCell.h; sourceTree = "<group>"; };
		A028D5421E7858B2001C7E89 /* RestaurantDetailsTableViewCell.m */ = {isa = PBXFileReference; fileEncoding = 4; lastKnownFileType = sourcecode.c.objc; path = RestaurantDetailsTableViewCell.m; sourceTree = "<group>"; };
		A028D5481E789FC4001C7E89 /* MenuTableViewCell.h */ = {isa = PBXFileReference; fileEncoding = 4; lastKnownFileType = sourcecode.c.h; path = MenuTableViewCell.h; sourceTree = "<group>"; };
		A028D5491E789FC4001C7E89 /* MenuTableViewCell.m */ = {isa = PBXFileReference; fileEncoding = 4; lastKnownFileType = sourcecode.c.objc; path = MenuTableViewCell.m; sourceTree = "<group>"; };
		A02B80BC1E6E75A6005EA0CE /* TPLRestaurantManager.h */ = {isa = PBXFileReference; fileEncoding = 4; lastKnownFileType = sourcecode.c.h; path = TPLRestaurantManager.h; sourceTree = "<group>"; };
		A02B80BD1E6E75A6005EA0CE /* TPLRestaurantManager.m */ = {isa = PBXFileReference; fileEncoding = 4; lastKnownFileType = sourcecode.c.objc; path = TPLRestaurantManager.m; sourceTree = "<group>"; };
		A02D2EE41E53C501003E65F3 /* TPLChartSectionView.h */ = {isa = PBXFileReference; fileEncoding = 4; lastKnownFileType = sourcecode.c.h; path = TPLChartSectionView.h; sourceTree = "<group>"; };
		A02D2EE51E53C501003E65F3 /* TPLChartSectionView.m */ = {isa = PBXFileReference; fileEncoding = 4; lastKnownFileType = sourcecode.c.objc; path = TPLChartSectionView.m; sourceTree = "<group>"; };
		A02D2EE71E53CAD2003E65F3 /* TPLExpandedChartController.h */ = {isa = PBXFileReference; fileEncoding = 4; lastKnownFileType = sourcecode.c.h; path = TPLExpandedChartController.h; sourceTree = "<group>"; };
		A02D2EE81E53CAD2003E65F3 /* TPLExpandedChartController.m */ = {isa = PBXFileReference; fileEncoding = 4; lastKnownFileType = sourcecode.c.objc; path = TPLExpandedChartController.m; sourceTree = "<group>"; };
		A02D2EED1E5508B4003E65F3 /* UsernamePromptViewController.h */ = {isa = PBXFileReference; fileEncoding = 4; lastKnownFileType = sourcecode.c.h; path = UsernamePromptViewController.h; sourceTree = "<group>"; };
		A02D2EEE1E5508B4003E65F3 /* UsernamePromptViewController.m */ = {isa = PBXFileReference; fileEncoding = 4; lastKnownFileType = sourcecode.c.objc; path = UsernamePromptViewController.m; sourceTree = "<group>"; };
		A02D2EF01E5512FC003E65F3 /* BRWSearchView.h */ = {isa = PBXFileReference; fileEncoding = 4; lastKnownFileType = sourcecode.c.h; path = BRWSearchView.h; sourceTree = "<group>"; };
		A02D2EF11E5512FC003E65F3 /* BRWSearchView.m */ = {isa = PBXFileReference; fileEncoding = 4; lastKnownFileType = sourcecode.c.objc; path = BRWSearchView.m; sourceTree = "<group>"; };
		A02D2EFA1E566012003E65F3 /* User.h */ = {isa = PBXFileReference; fileEncoding = 4; lastKnownFileType = sourcecode.c.h; path = User.h; sourceTree = "<group>"; };
		A02D2EFB1E566012003E65F3 /* User.m */ = {isa = PBXFileReference; fileEncoding = 4; lastKnownFileType = sourcecode.c.objc; path = User.m; sourceTree = "<group>"; };
		A02D2F041E57B00E003E65F3 /* UserProfileView.h */ = {isa = PBXFileReference; fileEncoding = 4; lastKnownFileType = sourcecode.c.h; path = UserProfileView.h; sourceTree = "<group>"; };
		A02D2F051E57B00E003E65F3 /* UserProfileView.m */ = {isa = PBXFileReference; fileEncoding = 4; lastKnownFileType = sourcecode.c.objc; path = UserProfileView.m; sourceTree = "<group>"; };
		A02D2F0B1E580F41003E65F3 /* RestaurantAlbumViewController.h */ = {isa = PBXFileReference; fileEncoding = 4; lastKnownFileType = sourcecode.c.h; path = RestaurantAlbumViewController.h; sourceTree = "<group>"; };
		A02D2F0C1E580F41003E65F3 /* RestaurantAlbumViewController.m */ = {isa = PBXFileReference; fileEncoding = 4; lastKnownFileType = sourcecode.c.objc; path = RestaurantAlbumViewController.m; sourceTree = "<group>"; };
		A02D2F161E58EED1003E65F3 /* MetricsDisplayCell.h */ = {isa = PBXFileReference; fileEncoding = 4; lastKnownFileType = sourcecode.c.h; path = MetricsDisplayCell.h; sourceTree = "<group>"; };
		A02D2F171E58EED1003E65F3 /* MetricsDisplayCell.m */ = {isa = PBXFileReference; fileEncoding = 4; lastKnownFileType = sourcecode.c.objc; path = MetricsDisplayCell.m; sourceTree = "<group>"; };
		A02D2F1E1E5A2521003E65F3 /* RestaurantInfoTableViewCell.h */ = {isa = PBXFileReference; fileEncoding = 4; lastKnownFileType = sourcecode.c.h; path = RestaurantInfoTableViewCell.h; sourceTree = "<group>"; };
		A02D2F1F1E5A2521003E65F3 /* RestaurantInfoTableViewCell.m */ = {isa = PBXFileReference; fileEncoding = 4; lastKnownFileType = sourcecode.c.objc; path = RestaurantInfoTableViewCell.m; sourceTree = "<group>"; };
		A02D2F271E5A497E003E65F3 /* UserProfileViewController.h */ = {isa = PBXFileReference; fileEncoding = 4; lastKnownFileType = sourcecode.c.h; path = UserProfileViewController.h; sourceTree = "<group>"; };
		A02D2F281E5A497E003E65F3 /* UserProfileViewController.m */ = {isa = PBXFileReference; fileEncoding = 4; lastKnownFileType = sourcecode.c.objc; path = UserProfileViewController.m; sourceTree = "<group>"; };
		A033E59C1E43E74900D4B9AC /* NSString+Trim.h */ = {isa = PBXFileReference; fileEncoding = 4; lastKnownFileType = sourcecode.c.h; path = "NSString+Trim.h"; sourceTree = "<group>"; };
		A033E59D1E43E74900D4B9AC /* NSString+Trim.m */ = {isa = PBXFileReference; fileEncoding = 4; lastKnownFileType = sourcecode.c.objc; path = "NSString+Trim.m"; sourceTree = "<group>"; };
		A033E59F1E43E76300D4B9AC /* NSString+IsEmpty.h */ = {isa = PBXFileReference; fileEncoding = 4; lastKnownFileType = sourcecode.c.h; name = "NSString+IsEmpty.h"; path = "../../../Documents/Workspace/Joyspace App/Joyspace/Categories/NSString/NSString+IsEmpty.h"; sourceTree = "<group>"; };
		A033E5A01E43E76300D4B9AC /* NSString+IsEmpty.m */ = {isa = PBXFileReference; fileEncoding = 4; lastKnownFileType = sourcecode.c.objc; name = "NSString+IsEmpty.m"; path = "../../../Documents/Workspace/Joyspace App/Joyspace/Categories/NSString/NSString+IsEmpty.m"; sourceTree = "<group>"; };
		A03448AA1EB6594B00C37BE4 /* BrowseVideo.h */ = {isa = PBXFileReference; fileEncoding = 4; lastKnownFileType = sourcecode.c.h; path = BrowseVideo.h; sourceTree = "<group>"; };
		A03448AB1EB6594B00C37BE4 /* BrowseVideo.m */ = {isa = PBXFileReference; fileEncoding = 4; lastKnownFileType = sourcecode.c.objc; path = BrowseVideo.m; sourceTree = "<group>"; };
		A039F87F1E99F5280093CE24 /* CategoryCollectionViewCell.h */ = {isa = PBXFileReference; fileEncoding = 4; lastKnownFileType = sourcecode.c.h; path = CategoryCollectionViewCell.h; sourceTree = "<group>"; };
		A039F8801E99F5280093CE24 /* CategoryCollectionViewCell.m */ = {isa = PBXFileReference; fileEncoding = 4; lastKnownFileType = sourcecode.c.objc; path = CategoryCollectionViewCell.m; sourceTree = "<group>"; };
		A039F8831E9A0D560093CE24 /* AnimationPreviewViewController.h */ = {isa = PBXFileReference; fileEncoding = 4; lastKnownFileType = sourcecode.c.h; path = AnimationPreviewViewController.h; sourceTree = "<group>"; };
		A039F8841E9A0D560093CE24 /* AnimationPreviewViewController.m */ = {isa = PBXFileReference; fileEncoding = 4; lastKnownFileType = sourcecode.c.objc; path = AnimationPreviewViewController.m; sourceTree = "<group>"; };
		A039F8861E9A0DD90093CE24 /* AssetPreviewViewController.h */ = {isa = PBXFileReference; fileEncoding = 4; lastKnownFileType = sourcecode.c.h; path = AssetPreviewViewController.h; sourceTree = "<group>"; };
		A039F8871E9A0DD90093CE24 /* AssetPreviewViewController.m */ = {isa = PBXFileReference; fileEncoding = 4; lastKnownFileType = sourcecode.c.objc; path = AssetPreviewViewController.m; sourceTree = "<group>"; };
		A039F88B1E9AB8D90093CE24 /* PreviewAnimation.h */ = {isa = PBXFileReference; fileEncoding = 4; lastKnownFileType = sourcecode.c.h; path = PreviewAnimation.h; sourceTree = "<group>"; };
		A039F88C1E9AB8D90093CE24 /* PreviewAnimation.m */ = {isa = PBXFileReference; fileEncoding = 4; lastKnownFileType = sourcecode.c.objc; path = PreviewAnimation.m; sourceTree = "<group>"; };
		A039F8921E9AF45B0093CE24 /* UIDeviceHardware.h */ = {isa = PBXFileReference; fileEncoding = 4; lastKnownFileType = sourcecode.c.h; path = UIDeviceHardware.h; sourceTree = "<group>"; };
		A039F8931E9AF45B0093CE24 /* UIDeviceHardware.m */ = {isa = PBXFileReference; fileEncoding = 4; lastKnownFileType = sourcecode.c.objc; path = UIDeviceHardware.m; sourceTree = "<group>"; };
		A039F89E1E9C45D80093CE24 /* SearchFilterView.h */ = {isa = PBXFileReference; fileEncoding = 4; lastKnownFileType = sourcecode.c.h; path = SearchFilterView.h; sourceTree = "<group>"; };
		A039F89F1E9C45D80093CE24 /* SearchFilterView.m */ = {isa = PBXFileReference; fileEncoding = 4; lastKnownFileType = sourcecode.c.objc; path = SearchFilterView.m; sourceTree = "<group>"; };
		A039F8A11E9D3D930093CE24 /* ResultTableViewCell.h */ = {isa = PBXFileReference; fileEncoding = 4; lastKnownFileType = sourcecode.c.h; path = ResultTableViewCell.h; sourceTree = "<group>"; };
		A039F8A21E9D3D930093CE24 /* ResultTableViewCell.m */ = {isa = PBXFileReference; fileEncoding = 4; lastKnownFileType = sourcecode.c.objc; path = ResultTableViewCell.m; sourceTree = "<group>"; };
		A039F8A41E9D7B980093CE24 /* Category.h */ = {isa = PBXFileReference; fileEncoding = 4; lastKnownFileType = sourcecode.c.h; path = Category.h; sourceTree = "<group>"; };
		A039F8A51E9D7B980093CE24 /* Category.m */ = {isa = PBXFileReference; fileEncoding = 4; lastKnownFileType = sourcecode.c.objc; path = Category.m; sourceTree = "<group>"; };
		A039F8A81EA805780093CE24 /* ExpandedChartCollectionViewCell.h */ = {isa = PBXFileReference; fileEncoding = 4; lastKnownFileType = sourcecode.c.h; path = ExpandedChartCollectionViewCell.h; sourceTree = "<group>"; };
		A039F8A91EA805780093CE24 /* ExpandedChartCollectionViewCell.m */ = {isa = PBXFileReference; fileEncoding = 4; lastKnownFileType = sourcecode.c.objc; path = ExpandedChartCollectionViewCell.m; sourceTree = "<group>"; };
		A04B995A1E6F94AC004AE07A /* FoodWiseDefines.h */ = {isa = PBXFileReference; lastKnownFileType = sourcecode.c.h; path = FoodWiseDefines.h; sourceTree = "<group>"; };
		A04B99601E70016E004AE07A /* PriceFilterView.h */ = {isa = PBXFileReference; fileEncoding = 4; lastKnownFileType = sourcecode.c.h; path = PriceFilterView.h; sourceTree = "<group>"; };
		A04B99611E70016E004AE07A /* PriceFilterView.m */ = {isa = PBXFileReference; fileEncoding = 4; lastKnownFileType = sourcecode.c.objc; path = PriceFilterView.m; sourceTree = "<group>"; };
		A04B996A1E7204AA004AE07A /* UIFont+Extension.h */ = {isa = PBXFileReference; fileEncoding = 4; lastKnownFileType = sourcecode.c.h; path = "UIFont+Extension.h"; sourceTree = "<group>"; };
		A04B996B1E7204AA004AE07A /* UIFont+Extension.m */ = {isa = PBXFileReference; fileEncoding = 4; lastKnownFileType = sourcecode.c.objc; path = "UIFont+Extension.m"; sourceTree = "<group>"; };
		A04B997A1E72087A004AE07A /* Nunito-Black.ttf */ = {isa = PBXFileReference; lastKnownFileType = file; path = "Nunito-Black.ttf"; sourceTree = "<group>"; };
		A04B997B1E72087A004AE07A /* Nunito-Bold.ttf */ = {isa = PBXFileReference; lastKnownFileType = file; path = "Nunito-Bold.ttf"; sourceTree = "<group>"; };
		A04B997C1E72087A004AE07A /* Nunito-ExtraBold.ttf */ = {isa = PBXFileReference; lastKnownFileType = file; path = "Nunito-ExtraBold.ttf"; sourceTree = "<group>"; };
		A04B997D1E72087A004AE07A /* Nunito-ExtraLight.ttf */ = {isa = PBXFileReference; lastKnownFileType = file; path = "Nunito-ExtraLight.ttf"; sourceTree = "<group>"; };
		A04B997E1E72087A004AE07A /* Nunito-Light.ttf */ = {isa = PBXFileReference; lastKnownFileType = file; path = "Nunito-Light.ttf"; sourceTree = "<group>"; };
		A04B997F1E72087A004AE07A /* Nunito-Medium.ttf */ = {isa = PBXFileReference; lastKnownFileType = file; path = "Nunito-Medium.ttf"; sourceTree = "<group>"; };
		A04B99801E72087A004AE07A /* Nunito-Regular.ttf */ = {isa = PBXFileReference; lastKnownFileType = file; path = "Nunito-Regular.ttf"; sourceTree = "<group>"; };
		A04B99811E72087A004AE07A /* Nunito-SemiBold.ttf */ = {isa = PBXFileReference; lastKnownFileType = file; path = "Nunito-SemiBold.ttf"; sourceTree = "<group>"; };
		A04B998D1E7265D0004AE07A /* RestaurantSearchViewController.h */ = {isa = PBXFileReference; fileEncoding = 4; lastKnownFileType = sourcecode.c.h; path = RestaurantSearchViewController.h; sourceTree = "<group>"; };
		A04B998E1E7265D0004AE07A /* RestaurantSearchViewController.m */ = {isa = PBXFileReference; fileEncoding = 4; lastKnownFileType = sourcecode.c.objc; path = RestaurantSearchViewController.m; sourceTree = "<group>"; };
		A04B99911E72676F004AE07A /* RestaurantReview.h */ = {isa = PBXFileReference; fileEncoding = 4; lastKnownFileType = sourcecode.c.h; path = RestaurantReview.h; sourceTree = "<group>"; };
		A04B99921E72676F004AE07A /* RestaurantReview.m */ = {isa = PBXFileReference; fileEncoding = 4; lastKnownFileType = sourcecode.c.objc; path = RestaurantReview.m; sourceTree = "<group>"; };
		A04B99981E7480AE004AE07A /* TabCameraViewController.h */ = {isa = PBXFileReference; fileEncoding = 4; lastKnownFileType = sourcecode.c.h; path = TabCameraViewController.h; sourceTree = "<group>"; };
		A04B99991E7480AE004AE07A /* TabCameraViewController.m */ = {isa = PBXFileReference; fileEncoding = 4; lastKnownFileType = sourcecode.c.objc; path = TabCameraViewController.m; sourceTree = "<group>"; };
		A04B999B1E74ABC5004AE07A /* HealthFilterView.h */ = {isa = PBXFileReference; fileEncoding = 4; lastKnownFileType = sourcecode.c.h; path = HealthFilterView.h; sourceTree = "<group>"; };
		A04B999C1E74ABC5004AE07A /* HealthFilterView.m */ = {isa = PBXFileReference; fileEncoding = 4; lastKnownFileType = sourcecode.c.objc; path = HealthFilterView.m; sourceTree = "<group>"; };
		A04B99A11E74CE7E004AE07A /* SuggestionTableViewCell.h */ = {isa = PBXFileReference; fileEncoding = 4; lastKnownFileType = sourcecode.c.h; path = SuggestionTableViewCell.h; sourceTree = "<group>"; };
		A04B99A21E74CE7E004AE07A /* SuggestionTableViewCell.m */ = {isa = PBXFileReference; fileEncoding = 4; lastKnownFileType = sourcecode.c.objc; path = SuggestionTableViewCell.m; sourceTree = "<group>"; };
		A04B9F821EC0E79800E11809 /* UIImage+Utilities.h */ = {isa = PBXFileReference; fileEncoding = 4; lastKnownFileType = sourcecode.c.h; path = "UIImage+Utilities.h"; sourceTree = "<group>"; };
		A04B9F831EC0E79800E11809 /* UIImage+Utilities.m */ = {isa = PBXFileReference; fileEncoding = 4; lastKnownFileType = sourcecode.c.objc; path = "UIImage+Utilities.m"; sourceTree = "<group>"; };
		A04B9F871EC263E800E11809 /* AlbumCellNode.h */ = {isa = PBXFileReference; fileEncoding = 4; lastKnownFileType = sourcecode.c.h; path = AlbumCellNode.h; sourceTree = "<group>"; };
		A04B9F881EC263E800E11809 /* AlbumCellNode.m */ = {isa = PBXFileReference; fileEncoding = 4; lastKnownFileType = sourcecode.c.objc; path = AlbumCellNode.m; sourceTree = "<group>"; };
		A0529A831E4AA61500150557 /* FilterView.h */ = {isa = PBXFileReference; fileEncoding = 4; lastKnownFileType = sourcecode.c.h; path = FilterView.h; sourceTree = "<group>"; };
		A0529A841E4AA61500150557 /* FilterView.m */ = {isa = PBXFileReference; fileEncoding = 4; lastKnownFileType = sourcecode.c.objc; path = FilterView.m; sourceTree = "<group>"; };
		A0529A861E4AA66500150557 /* TasteFilterView.h */ = {isa = PBXFileReference; fileEncoding = 4; lastKnownFileType = sourcecode.c.h; path = TasteFilterView.h; sourceTree = "<group>"; };
		A0529A871E4AA66500150557 /* TasteFilterView.m */ = {isa = PBXFileReference; fileEncoding = 4; lastKnownFileType = sourcecode.c.objc; path = TasteFilterView.m; sourceTree = "<group>"; };
		A054C3551E84E3C900A3D90B /* ServiceErrorView.h */ = {isa = PBXFileReference; fileEncoding = 4; lastKnownFileType = sourcecode.c.h; path = ServiceErrorView.h; sourceTree = "<group>"; };
		A054C3561E84E3C900A3D90B /* ServiceErrorView.m */ = {isa = PBXFileReference; fileEncoding = 4; lastKnownFileType = sourcecode.c.objc; path = ServiceErrorView.m; sourceTree = "<group>"; };
		A0595ED71E45810E001BB324 /* TPLCameraPreviewView.h */ = {isa = PBXFileReference; fileEncoding = 4; lastKnownFileType = sourcecode.c.h; path = TPLCameraPreviewView.h; sourceTree = "<group>"; };
		A0595ED81E45810E001BB324 /* TPLCameraPreviewView.m */ = {isa = PBXFileReference; fileEncoding = 4; lastKnownFileType = sourcecode.c.objc; path = TPLCameraPreviewView.m; sourceTree = "<group>"; };
		A0595EDA1E458124001BB324 /* TPLCamPhotoCaptureDelegate.h */ = {isa = PBXFileReference; fileEncoding = 4; lastKnownFileType = sourcecode.c.h; path = TPLCamPhotoCaptureDelegate.h; sourceTree = "<group>"; };
		A0595EDB1E458124001BB324 /* TPLCamPhotoCaptureDelegate.m */ = {isa = PBXFileReference; fileEncoding = 4; lastKnownFileType = sourcecode.c.objc; path = TPLCamPhotoCaptureDelegate.m; sourceTree = "<group>"; };
		A0595EFA1E46F910001BB324 /* CoreMedia.framework */ = {isa = PBXFileReference; lastKnownFileType = wrapper.framework; name = CoreMedia.framework; path = System/Library/Frameworks/CoreMedia.framework; sourceTree = SDKROOT; };
		A0595EFC1E46F914001BB324 /* CoreVideo.framework */ = {isa = PBXFileReference; lastKnownFileType = wrapper.framework; name = CoreVideo.framework; path = System/Library/Frameworks/CoreVideo.framework; sourceTree = SDKROOT; };
		A0595EFE1E46F918001BB324 /* OpenGLES.framework */ = {isa = PBXFileReference; lastKnownFileType = wrapper.framework; name = OpenGLES.framework; path = System/Library/Frameworks/OpenGLES.framework; sourceTree = SDKROOT; };
		A0595F001E46F921001BB324 /* AVFoundation.framework */ = {isa = PBXFileReference; lastKnownFileType = wrapper.framework; name = AVFoundation.framework; path = System/Library/Frameworks/AVFoundation.framework; sourceTree = SDKROOT; };
		A0595F021E46F929001BB324 /* QuartzCore.framework */ = {isa = PBXFileReference; lastKnownFileType = wrapper.framework; name = QuartzCore.framework; path = System/Library/Frameworks/QuartzCore.framework; sourceTree = SDKROOT; };
		A0595F041E47BD19001BB324 /* TPLFilterScrollView.h */ = {isa = PBXFileReference; fileEncoding = 4; lastKnownFileType = sourcecode.c.h; path = TPLFilterScrollView.h; sourceTree = "<group>"; };
		A0595F051E47BD19001BB324 /* TPLFilterScrollView.m */ = {isa = PBXFileReference; fileEncoding = 4; lastKnownFileType = sourcecode.c.objc; path = TPLFilterScrollView.m; sourceTree = "<group>"; };
		A0595F0B1E47C92B001BB324 /* TPLAssetPreviewController.h */ = {isa = PBXFileReference; fileEncoding = 4; lastKnownFileType = sourcecode.c.h; path = TPLAssetPreviewController.h; sourceTree = "<group>"; };
		A0595F0C1E47C92B001BB324 /* TPLAssetPreviewController.m */ = {isa = PBXFileReference; fileEncoding = 4; lastKnownFileType = sourcecode.c.objc; path = TPLAssetPreviewController.m; sourceTree = "<group>"; };
		A06AFC6D1E3FBEE1006ED71E /* MapKit.framework */ = {isa = PBXFileReference; lastKnownFileType = wrapper.framework; name = MapKit.framework; path = System/Library/Frameworks/MapKit.framework; sourceTree = SDKROOT; };
		A07FB4441EBA73B1001CDF89 /* BrowseContentManager.h */ = {isa = PBXFileReference; fileEncoding = 4; lastKnownFileType = sourcecode.c.h; path = BrowseContentManager.h; sourceTree = "<group>"; };
		A07FB4451EBA73B1001CDF89 /* BrowseContentManager.m */ = {isa = PBXFileReference; fileEncoding = 4; lastKnownFileType = sourcecode.c.objc; path = BrowseContentManager.m; sourceTree = "<group>"; };
		A084A6651E3D3A3A008A3DCE /* TPLChartsViewModel.h */ = {isa = PBXFileReference; fileEncoding = 4; lastKnownFileType = sourcecode.c.h; path = TPLChartsViewModel.h; sourceTree = "<group>"; };
		A084A6661E3D3A3A008A3DCE /* TPLChartsViewModel.m */ = {isa = PBXFileReference; fileEncoding = 4; lastKnownFileType = sourcecode.c.objc; path = TPLChartsViewModel.m; sourceTree = "<group>"; };
		A084A6681E3D3FDF008A3DCE /* TPLRestaurantPageViewController.h */ = {isa = PBXFileReference; fileEncoding = 4; lastKnownFileType = sourcecode.c.h; path = TPLRestaurantPageViewController.h; sourceTree = "<group>"; };
		A084A6691E3D3FDF008A3DCE /* TPLRestaurantPageViewController.m */ = {isa = PBXFileReference; fileEncoding = 4; lastKnownFileType = sourcecode.c.objc; path = TPLRestaurantPageViewController.m; sourceTree = "<group>"; };
		A08742D41E8DB7EE00C2AACC /* FoodheadAnalytics.h */ = {isa = PBXFileReference; fileEncoding = 4; lastKnownFileType = sourcecode.c.h; path = FoodheadAnalytics.h; sourceTree = "<group>"; };
		A08742D51E8DB7EE00C2AACC /* FoodheadAnalytics.m */ = {isa = PBXFileReference; fileEncoding = 4; lastKnownFileType = sourcecode.c.objc; path = FoodheadAnalytics.m; sourceTree = "<group>"; };
		A08742D71E8DC72A00C2AACC /* Flurry_iOS_SDK.framework */ = {isa = PBXFileReference; lastKnownFileType = wrapper.framework; name = Flurry_iOS_SDK.framework; path = "../../Library/Developer/Xcode/DerivedData/Foodhead-bohptjyiokamhleoytpjmpxzwgya/Build/Products/Debug-iphoneos/Flurry-iOS-SDK/Flurry_iOS_SDK.framework"; sourceTree = "<group>"; };
		A088C5721E7B4C1900ACA764 /* PermissionViewController.h */ = {isa = PBXFileReference; fileEncoding = 4; lastKnownFileType = sourcecode.c.h; path = PermissionViewController.h; sourceTree = "<group>"; };
		A088C5731E7B4C1900ACA764 /* PermissionViewController.m */ = {isa = PBXFileReference; fileEncoding = 4; lastKnownFileType = sourcecode.c.objc; path = PermissionViewController.m; sourceTree = "<group>"; };
		A088C57D1E7CDB0700ACA764 /* Chart.h */ = {isa = PBXFileReference; fileEncoding = 4; lastKnownFileType = sourcecode.c.h; path = Chart.h; sourceTree = "<group>"; };
		A088C57E1E7CDB0700ACA764 /* Chart.m */ = {isa = PBXFileReference; fileEncoding = 4; lastKnownFileType = sourcecode.c.objc; path = Chart.m; sourceTree = "<group>"; };
		A088C5841E7CDB8B00ACA764 /* Places.h */ = {isa = PBXFileReference; fileEncoding = 4; lastKnownFileType = sourcecode.c.h; path = Places.h; sourceTree = "<group>"; };
		A088C5851E7CDB8B00ACA764 /* Places.m */ = {isa = PBXFileReference; fileEncoding = 4; lastKnownFileType = sourcecode.c.objc; path = Places.m; sourceTree = "<group>"; };
		A088C58F1E7E2DD200ACA764 /* HealthRatingView.h */ = {isa = PBXFileReference; fileEncoding = 4; lastKnownFileType = sourcecode.c.h; path = HealthRatingView.h; sourceTree = "<group>"; };
		A088C5901E7E2DD200ACA764 /* HealthRatingView.m */ = {isa = PBXFileReference; fileEncoding = 4; lastKnownFileType = sourcecode.c.objc; path = HealthRatingView.m; sourceTree = "<group>"; };
		A088C5921E7E2DDC00ACA764 /* OverallRatingView.h */ = {isa = PBXFileReference; fileEncoding = 4; lastKnownFileType = sourcecode.c.h; path = OverallRatingView.h; sourceTree = "<group>"; };
		A088C5931E7E2DDC00ACA764 /* OverallRatingView.m */ = {isa = PBXFileReference; fileEncoding = 4; lastKnownFileType = sourcecode.c.objc; path = OverallRatingView.m; sourceTree = "<group>"; };
		A088C5951E7E2DE700ACA764 /* PriceRatingView.h */ = {isa = PBXFileReference; fileEncoding = 4; lastKnownFileType = sourcecode.c.h; path = PriceRatingView.h; sourceTree = "<group>"; };
		A088C5961E7E2DE700ACA764 /* PriceRatingView.m */ = {isa = PBXFileReference; fileEncoding = 4; lastKnownFileType = sourcecode.c.objc; path = PriceRatingView.m; sourceTree = "<group>"; };
		A088C5981E7E2DF600ACA764 /* RatingContainerView.h */ = {isa = PBXFileReference; fileEncoding = 4; lastKnownFileType = sourcecode.c.h; path = RatingContainerView.h; sourceTree = "<group>"; };
		A088C5991E7E2DF600ACA764 /* RatingContainerView.m */ = {isa = PBXFileReference; fileEncoding = 4; lastKnownFileType = sourcecode.c.objc; path = RatingContainerView.m; sourceTree = "<group>"; };
		A088C5AA1E80806F00ACA764 /* UserReview.h */ = {isa = PBXFileReference; fileEncoding = 4; lastKnownFileType = sourcecode.c.h; path = UserReview.h; sourceTree = "<group>"; };
		A088C5AB1E80806F00ACA764 /* UserReview.m */ = {isa = PBXFileReference; fileEncoding = 4; lastKnownFileType = sourcecode.c.objc; path = UserReview.m; sourceTree = "<group>"; };
		A088C5AE1E80937000ACA764 /* ReviewMetricView.h */ = {isa = PBXFileReference; fileEncoding = 4; lastKnownFileType = sourcecode.c.h; path = ReviewMetricView.h; sourceTree = "<group>"; };
		A088C5AF1E80937000ACA764 /* ReviewMetricView.m */ = {isa = PBXFileReference; fileEncoding = 4; lastKnownFileType = sourcecode.c.objc; path = ReviewMetricView.m; sourceTree = "<group>"; };
		A088C5B71E83936B00ACA764 /* SettingsViewController.h */ = {isa = PBXFileReference; fileEncoding = 4; lastKnownFileType = sourcecode.c.h; path = SettingsViewController.h; sourceTree = "<group>"; };
		A088C5B81E83936B00ACA764 /* SettingsViewController.m */ = {isa = PBXFileReference; fileEncoding = 4; lastKnownFileType = sourcecode.c.objc; path = SettingsViewController.m; sourceTree = "<group>"; };
		A088C5BA1E8393FB00ACA764 /* SettingsTableViewCell.h */ = {isa = PBXFileReference; fileEncoding = 4; lastKnownFileType = sourcecode.c.h; path = SettingsTableViewCell.h; sourceTree = "<group>"; };
		A088C5BB1E8393FB00ACA764 /* SettingsTableViewCell.m */ = {isa = PBXFileReference; fileEncoding = 4; lastKnownFileType = sourcecode.c.objc; path = SettingsTableViewCell.m; sourceTree = "<group>"; };
		A088C5BD1E84B4C400ACA764 /* UserFeedbackViewController.h */ = {isa = PBXFileReference; fileEncoding = 4; lastKnownFileType = sourcecode.c.h; path = UserFeedbackViewController.h; sourceTree = "<group>"; };
		A088C5BE1E84B4C400ACA764 /* UserFeedbackViewController.m */ = {isa = PBXFileReference; fileEncoding = 4; lastKnownFileType = sourcecode.c.objc; path = UserFeedbackViewController.m; sourceTree = "<group>"; };
		A08B823C1E5FA7AD00132F6B /* TPLChartCollectionCell.h */ = {isa = PBXFileReference; fileEncoding = 4; lastKnownFileType = sourcecode.c.h; path = TPLChartCollectionCell.h; sourceTree = "<group>"; };
		A08B823D1E5FA7AD00132F6B /* TPLChartCollectionCell.m */ = {isa = PBXFileReference; fileEncoding = 4; lastKnownFileType = sourcecode.c.objc; path = TPLChartCollectionCell.m; sourceTree = "<group>"; };
		A09338881EB3F8DA000DCD3C /* DiscoverNode.h */ = {isa = PBXFileReference; fileEncoding = 4; lastKnownFileType = sourcecode.c.h; path = DiscoverNode.h; sourceTree = "<group>"; };
		A09338891EB3F8DA000DCD3C /* DiscoverNode.m */ = {isa = PBXFileReference; fileEncoding = 4; lastKnownFileType = sourcecode.c.objc; path = DiscoverNode.m; sourceTree = "<group>"; };
		A0B28F5B1E93844B00656253 /* AttributionTableViewCell.h */ = {isa = PBXFileReference; fileEncoding = 4; lastKnownFileType = sourcecode.c.h; path = AttributionTableViewCell.h; sourceTree = "<group>"; };
		A0B28F5C1E93844B00656253 /* AttributionTableViewCell.m */ = {isa = PBXFileReference; fileEncoding = 4; lastKnownFileType = sourcecode.c.objc; path = AttributionTableViewCell.m; sourceTree = "<group>"; };
		A0BED0D21E7A622F00D21298 /* AlbumViewController.h */ = {isa = PBXFileReference; fileEncoding = 4; lastKnownFileType = sourcecode.c.h; path = AlbumViewController.h; sourceTree = "<group>"; };
		A0BED0D31E7A622F00D21298 /* AlbumViewController.m */ = {isa = PBXFileReference; fileEncoding = 4; lastKnownFileType = sourcecode.c.objc; path = AlbumViewController.m; sourceTree = "<group>"; };
		A0BED0D51E7A7ACE00D21298 /* WebViewController.h */ = {isa = PBXFileReference; fileEncoding = 4; lastKnownFileType = sourcecode.c.h; path = WebViewController.h; sourceTree = "<group>"; };
		A0BED0D61E7A7ACE00D21298 /* WebViewController.m */ = {isa = PBXFileReference; fileEncoding = 4; lastKnownFileType = sourcecode.c.objc; path = WebViewController.m; sourceTree = "<group>"; };
		A0C86DB31E6CFF9500FB3C0B /* TPLDetailedRestaurant.h */ = {isa = PBXFileReference; fileEncoding = 4; lastKnownFileType = sourcecode.c.h; path = TPLDetailedRestaurant.h; sourceTree = "<group>"; };
		A0C86DB41E6CFF9500FB3C0B /* TPLDetailedRestaurant.m */ = {isa = PBXFileReference; fileEncoding = 4; lastKnownFileType = sourcecode.c.objc; path = TPLDetailedRestaurant.m; sourceTree = "<group>"; };
		A0D418D61E3695C0004DDC6C /* LoginViewController.h */ = {isa = PBXFileReference; fileEncoding = 4; lastKnownFileType = sourcecode.c.h; path = LoginViewController.h; sourceTree = "<group>"; };
		A0D418D71E3695C0004DDC6C /* LoginViewController.m */ = {isa = PBXFileReference; fileEncoding = 4; lastKnownFileType = sourcecode.c.objc; path = LoginViewController.m; sourceTree = "<group>"; };
		A0D418E11E3698B0004DDC6C /* UserAuthManager.h */ = {isa = PBXFileReference; fileEncoding = 4; lastKnownFileType = sourcecode.c.h; path = UserAuthManager.h; sourceTree = "<group>"; };
		A0D418E21E3698B0004DDC6C /* UserAuthManager.m */ = {isa = PBXFileReference; fileEncoding = 4; lastKnownFileType = sourcecode.c.objc; path = UserAuthManager.m; sourceTree = "<group>"; };
		A0E844001E28034000BE98B1 /* Foodhead.app */ = {isa = PBXFileReference; explicitFileType = wrapper.application; includeInIndex = 0; path = Foodhead.app; sourceTree = BUILT_PRODUCTS_DIR; };
		A0E844041E28034000BE98B1 /* main.m */ = {isa = PBXFileReference; lastKnownFileType = sourcecode.c.objc; path = main.m; sourceTree = "<group>"; };
		A0E844061E28034000BE98B1 /* AppDelegate.h */ = {isa = PBXFileReference; lastKnownFileType = sourcecode.c.h; path = AppDelegate.h; sourceTree = "<group>"; };
		A0E844071E28034000BE98B1 /* AppDelegate.m */ = {isa = PBXFileReference; lastKnownFileType = sourcecode.c.objc; path = AppDelegate.m; sourceTree = "<group>"; };
		A0E844091E28034000BE98B1 /* ChartsViewController.h */ = {isa = PBXFileReference; lastKnownFileType = sourcecode.c.h; name = ChartsViewController.h; path = Foodhead/ChartsViewController.h; sourceTree = "<group>"; };
		A0E8440A1E28034000BE98B1 /* ChartsViewController.m */ = {isa = PBXFileReference; lastKnownFileType = sourcecode.c.objc; name = ChartsViewController.m; path = Foodhead/ChartsViewController.m; sourceTree = "<group>"; };
		A0E8440F1E28034000BE98B1 /* Assets.xcassets */ = {isa = PBXFileReference; lastKnownFileType = folder.assetcatalog; path = Assets.xcassets; sourceTree = "<group>"; };
		A0E844121E28034000BE98B1 /* Base */ = {isa = PBXFileReference; lastKnownFileType = file.storyboard; name = Base; path = Base.lproj/LaunchScreen.storyboard; sourceTree = "<group>"; };
		A0E844141E28034000BE98B1 /* Info.plist */ = {isa = PBXFileReference; lastKnownFileType = text.plist.xml; path = Info.plist; sourceTree = "<group>"; };
		A0E8441D1E2806FE00BE98B1 /* TabledCollectionCell.h */ = {isa = PBXFileReference; fileEncoding = 4; lastKnownFileType = sourcecode.c.h; name = TabledCollectionCell.h; path = Foodhead/TabledCollectionCell.h; sourceTree = "<group>"; };
		A0E8441E1E2806FE00BE98B1 /* TabledCollectionCell.m */ = {isa = PBXFileReference; fileEncoding = 4; lastKnownFileType = sourcecode.c.objc; name = TabledCollectionCell.m; path = Foodhead/TabledCollectionCell.m; sourceTree = "<group>"; };
		A0E844201E28071200BE98B1 /* ImageCollectionCell.h */ = {isa = PBXFileReference; fileEncoding = 4; lastKnownFileType = sourcecode.c.h; name = ImageCollectionCell.h; path = Foodhead/ImageCollectionCell.h; sourceTree = "<group>"; };
		A0E844211E28071200BE98B1 /* ImageCollectionCell.m */ = {isa = PBXFileReference; fileEncoding = 4; lastKnownFileType = sourcecode.c.objc; name = ImageCollectionCell.m; path = Foodhead/ImageCollectionCell.m; sourceTree = "<group>"; };
		A0E844231E283AEF00BE98B1 /* Bolts.framework */ = {isa = PBXFileReference; lastKnownFileType = wrapper.framework; path = Bolts.framework; sourceTree = "<group>"; };
		A0E844251E283B0200BE98B1 /* FBSDKCoreKit.framework */ = {isa = PBXFileReference; lastKnownFileType = wrapper.framework; path = FBSDKCoreKit.framework; sourceTree = "<group>"; };
		A0E844261E283B0200BE98B1 /* FBSDKLoginKit.framework */ = {isa = PBXFileReference; lastKnownFileType = wrapper.framework; path = FBSDKLoginKit.framework; sourceTree = "<group>"; };
		A0E844291E283B0800BE98B1 /* FBSDKShareKit.framework */ = {isa = PBXFileReference; lastKnownFileType = wrapper.framework; path = FBSDKShareKit.framework; sourceTree = "<group>"; };
		A0ED82891E427BCB0029D96E /* TPLRestaurantPageViewModel.h */ = {isa = PBXFileReference; fileEncoding = 4; lastKnownFileType = sourcecode.c.h; path = TPLRestaurantPageViewModel.h; sourceTree = "<group>"; };
		A0ED828A1E427BCB0029D96E /* TPLRestaurantPageViewModel.m */ = {isa = PBXFileReference; fileEncoding = 4; lastKnownFileType = sourcecode.c.objc; path = TPLRestaurantPageViewModel.m; sourceTree = "<group>"; };
		A0EDD6AC1E973DF3007A2445 /* Foodhead_Prefix.pch */ = {isa = PBXFileReference; lastKnownFileType = sourcecode.c.h; path = Foodhead_Prefix.pch; sourceTree = "<group>"; };
		A0EDD6AE1E9762A3007A2445 /* SearchViewController.h */ = {isa = PBXFileReference; fileEncoding = 4; lastKnownFileType = sourcecode.c.h; path = SearchViewController.h; sourceTree = "<group>"; };
		A0EDD6AF1E9762A3007A2445 /* SearchViewController.m */ = {isa = PBXFileReference; fileEncoding = 4; lastKnownFileType = sourcecode.c.objc; path = SearchViewController.m; sourceTree = "<group>"; };
		A0EDD6B21E980947007A2445 /* SearchTableViewCell.h */ = {isa = PBXFileReference; fileEncoding = 4; lastKnownFileType = sourcecode.c.h; path = SearchTableViewCell.h; sourceTree = "<group>"; };
		A0EDD6B31E980947007A2445 /* SearchTableViewCell.m */ = {isa = PBXFileReference; fileEncoding = 4; lastKnownFileType = sourcecode.c.objc; path = SearchTableViewCell.m; sourceTree = "<group>"; };
		A0F0D3BB1EC5169100B60040 /* DiscoverRealm.h */ = {isa = PBXFileReference; fileEncoding = 4; lastKnownFileType = sourcecode.c.h; path = DiscoverRealm.h; sourceTree = "<group>"; };
		A0F0D3BC1EC5169100B60040 /* DiscoverRealm.m */ = {isa = PBXFileReference; fileEncoding = 4; lastKnownFileType = sourcecode.c.objc; path = DiscoverRealm.m; sourceTree = "<group>"; };
		A0F0D3BE1EC5169E00B60040 /* BrowseVideoRealm.h */ = {isa = PBXFileReference; fileEncoding = 4; lastKnownFileType = sourcecode.c.h; path = BrowseVideoRealm.h; sourceTree = "<group>"; };
		A0F0D3BF1EC5169E00B60040 /* BrowseVideoRealm.m */ = {isa = PBXFileReference; fileEncoding = 4; lastKnownFileType = sourcecode.c.objc; path = BrowseVideoRealm.m; sourceTree = "<group>"; };
		A0F4CCC81E3811F0003D56A9 /* LocationManager.h */ = {isa = PBXFileReference; fileEncoding = 4; lastKnownFileType = sourcecode.c.h; path = LocationManager.h; sourceTree = "<group>"; };
		A0F4CCC91E3811F0003D56A9 /* LocationManager.m */ = {isa = PBXFileReference; fileEncoding = 4; lastKnownFileType = sourcecode.c.objc; path = LocationManager.m; sourceTree = "<group>"; };
		A0F4CCCB1E3836B7003D56A9 /* TPLRestaurant.h */ = {isa = PBXFileReference; fileEncoding = 4; lastKnownFileType = sourcecode.c.h; path = TPLRestaurant.h; sourceTree = "<group>"; };
		A0F4CCCC1E3836B7003D56A9 /* TPLRestaurant.m */ = {isa = PBXFileReference; fileEncoding = 4; lastKnownFileType = sourcecode.c.objc; path = TPLRestaurant.m; sourceTree = "<group>"; };
		A0F4CCCF1E383873003D56A9 /* TPLChartsDataSource.h */ = {isa = PBXFileReference; fileEncoding = 4; lastKnownFileType = sourcecode.c.h; path = TPLChartsDataSource.h; sourceTree = "<group>"; };
		A0F4CCD01E383873003D56A9 /* TPLChartsDataSource.m */ = {isa = PBXFileReference; fileEncoding = 4; lastKnownFileType = sourcecode.c.objc; path = TPLChartsDataSource.m; sourceTree = "<group>"; };
		A0F4CCD61E38408C003D56A9 /* TabledCollectionManager.h */ = {isa = PBXFileReference; fileEncoding = 4; lastKnownFileType = sourcecode.c.h; path = TabledCollectionManager.h; sourceTree = "<group>"; };
		A0F4CCD71E38408C003D56A9 /* TabledCollectionManager.m */ = {isa = PBXFileReference; fileEncoding = 4; lastKnownFileType = sourcecode.c.objc; path = TabledCollectionManager.m; sourceTree = "<group>"; };
		CB7693394A98CCDE854D60F6 /* Pods-Foodhead.debug.xcconfig */ = {isa = PBXFileReference; includeInIndex = 1; lastKnownFileType = text.xcconfig; name = "Pods-Foodhead.debug.xcconfig"; path = "Pods/Target Support Files/Pods-Foodhead/Pods-Foodhead.debug.xcconfig"; sourceTree = "<group>"; };
		DDA12B69485225EB1396599E /* Pods_Foodhead.framework */ = {isa = PBXFileReference; explicitFileType = wrapper.framework; includeInIndex = 0; path = Pods_Foodhead.framework; sourceTree = BUILT_PRODUCTS_DIR; };
		E63E27DEE3A519B2AF1E6772 /* Pods-Foodhead.release.xcconfig */ = {isa = PBXFileReference; includeInIndex = 1; lastKnownFileType = text.xcconfig; name = "Pods-Foodhead.release.xcconfig"; path = "Pods/Target Support Files/Pods-Foodhead/Pods-Foodhead.release.xcconfig"; sourceTree = "<group>"; };
/* End PBXFileReference section */

/* Begin PBXFrameworksBuildPhase section */
		A0E843FD1E28034000BE98B1 /* Frameworks */ = {
			isa = PBXFrameworksBuildPhase;
			buildActionMask = 2147483647;
			files = (
				A08742D81E8DC72A00C2AACC /* Flurry_iOS_SDK.framework in Frameworks */,
				A0595F031E46F929001BB324 /* QuartzCore.framework in Frameworks */,
				A0595F011E46F921001BB324 /* AVFoundation.framework in Frameworks */,
				A0595EFF1E46F918001BB324 /* OpenGLES.framework in Frameworks */,
				A0595EFD1E46F914001BB324 /* CoreVideo.framework in Frameworks */,
				A0595EFB1E46F910001BB324 /* CoreMedia.framework in Frameworks */,
				A06AFC6E1E3FBEE1006ED71E /* MapKit.framework in Frameworks */,
				A0E844271E283B0200BE98B1 /* FBSDKCoreKit.framework in Frameworks */,
				A0E8442A1E283B0800BE98B1 /* FBSDKShareKit.framework in Frameworks */,
				A0E844281E283B0200BE98B1 /* FBSDKLoginKit.framework in Frameworks */,
				A0E844241E283AEF00BE98B1 /* Bolts.framework in Frameworks */,
				C4811BDA920F39627F0B8191 /* Pods_Foodhead.framework in Frameworks */,
			);
			runOnlyForDeploymentPostprocessing = 0;
		};
/* End PBXFrameworksBuildPhase section */

/* Begin PBXGroup section */
		06D2B6CFAD0F0144B7C8FCB4 /* Frameworks */ = {
			isa = PBXGroup;
			children = (
				A08742D71E8DC72A00C2AACC /* Flurry_iOS_SDK.framework */,
				A0595F021E46F929001BB324 /* QuartzCore.framework */,
				A0595F001E46F921001BB324 /* AVFoundation.framework */,
				A0595EFE1E46F918001BB324 /* OpenGLES.framework */,
				A0595EFC1E46F914001BB324 /* CoreVideo.framework */,
				A0595EFA1E46F910001BB324 /* CoreMedia.framework */,
				A06AFC6D1E3FBEE1006ED71E /* MapKit.framework */,
				A0E844291E283B0800BE98B1 /* FBSDKShareKit.framework */,
				A0E844251E283B0200BE98B1 /* FBSDKCoreKit.framework */,
				A0E844261E283B0200BE98B1 /* FBSDKLoginKit.framework */,
				A0E844231E283AEF00BE98B1 /* Bolts.framework */,
				DDA12B69485225EB1396599E /* Pods_Foodhead.framework */,
			);
			name = Frameworks;
			sourceTree = "<group>";
		};
		08669A2478414E9BFB0E44CC /* Pods */ = {
			isa = PBXGroup;
			children = (
				CB7693394A98CCDE854D60F6 /* Pods-Foodhead.debug.xcconfig */,
				E63E27DEE3A519B2AF1E6772 /* Pods-Foodhead.release.xcconfig */,
				3139FE4D95A83584004CB270 /* Pods-Foodhead.development.xcconfig */,
			);
			name = Pods;
			sourceTree = "<group>";
		};
		A0084D881EB5B7C400976F4A /* Browse */ = {
			isa = PBXGroup;
			children = (
				A0084D891EB5B7DD00976F4A /* BrowseViewController.h */,
				A0084D8A1EB5B7DD00976F4A /* BrowseViewController.m */,
			);
			name = Browse;
			sourceTree = "<group>";
		};
		A0084D8C1EB5BAA100976F4A /* Browse */ = {
			isa = PBXGroup;
			children = (
				A0084D8D1EB5BAB700976F4A /* BrowsePlayerNode.h */,
				A0084D8E1EB5BAB700976F4A /* BrowsePlayerNode.m */,
			);
			name = Browse;
			sourceTree = "<group>";
		};
		A023D7571E8AF36A00F23D85 /* Profile */ = {
			isa = PBXGroup;
			children = (
				A088C5BA1E8393FB00ACA764 /* SettingsTableViewCell.h */,
				A088C5BB1E8393FB00ACA764 /* SettingsTableViewCell.m */,
				A023D7581E8AF39800F23D85 /* ReviewCollectionViewCell.h */,
				A023D7591E8AF39800F23D85 /* ReviewCollectionViewCell.m */,
			);
			name = Profile;
			sourceTree = "<group>";
		};
		A02D2F031E57AFF5003E65F3 /* Profile */ = {
			isa = PBXGroup;
			children = (
				A02D2F041E57B00E003E65F3 /* UserProfileView.h */,
				A02D2F051E57B00E003E65F3 /* UserProfileView.m */,
				A02D2F271E5A497E003E65F3 /* UserProfileViewController.h */,
				A02D2F281E5A497E003E65F3 /* UserProfileViewController.m */,
				A088C5B61E83935C00ACA764 /* Settings */,
			);
			name = Profile;
			sourceTree = "<group>";
		};
		A02D2F0A1E580EBD003E65F3 /* Restaurant Page */ = {
			isa = PBXGroup;
			children = (
				A084A6681E3D3FDF008A3DCE /* TPLRestaurantPageViewController.h */,
				A084A6691E3D3FDF008A3DCE /* TPLRestaurantPageViewController.m */,
				A0BED0D51E7A7ACE00D21298 /* WebViewController.h */,
				A0BED0D61E7A7ACE00D21298 /* WebViewController.m */,
				A088C5AD1E80932300ACA764 /* Restaurant Media */,
			);
			name = "Restaurant Page";
			sourceTree = "<group>";
		};
		A02D2F0F1E581588003E65F3 /* Charts */ = {
			isa = PBXGroup;
			children = (
				A0E844091E28034000BE98B1 /* ChartsViewController.h */,
				A0E8440A1E28034000BE98B1 /* ChartsViewController.m */,
				A02D2EE71E53CAD2003E65F3 /* TPLExpandedChartController.h */,
				A02D2EE81E53CAD2003E65F3 /* TPLExpandedChartController.m */,
				A0084D851EB53ECE00976F4A /* DiscoverViewController.h */,
				A0084D861EB53ECE00976F4A /* DiscoverViewController.m */,
			);
			name = Charts;
			sourceTree = "<group>";
		};
		A02D2F131E58EE81003E65F3 /* Tabled Collection */ = {
			isa = PBXGroup;
			children = (
				A0E8441D1E2806FE00BE98B1 /* TabledCollectionCell.h */,
				A0E8441E1E2806FE00BE98B1 /* TabledCollectionCell.m */,
			);
			name = "Tabled Collection";
			sourceTree = "<group>";
		};
		A02D2F141E58EEA1003E65F3 /* Charts */ = {
			isa = PBXGroup;
			children = (
				A02D2EE41E53C501003E65F3 /* TPLChartSectionView.h */,
				A02D2EE51E53C501003E65F3 /* TPLChartSectionView.m */,
				A08B823C1E5FA7AD00132F6B /* TPLChartCollectionCell.h */,
				A08B823D1E5FA7AD00132F6B /* TPLChartCollectionCell.m */,
				A039F8A81EA805780093CE24 /* ExpandedChartCollectionViewCell.h */,
				A039F8A91EA805780093CE24 /* ExpandedChartCollectionViewCell.m */,
			);
			name = Charts;
			sourceTree = "<group>";
		};
		A02D2F151E58EEA9003E65F3 /* Restaurant Page */ = {
			isa = PBXGroup;
			children = (
				A0E844201E28071200BE98B1 /* ImageCollectionCell.h */,
				A0E844211E28071200BE98B1 /* ImageCollectionCell.m */,
				A028D5411E7858B2001C7E89 /* RestaurantDetailsTableViewCell.h */,
				A028D5421E7858B2001C7E89 /* RestaurantDetailsTableViewCell.m */,
				A02D2F161E58EED1003E65F3 /* MetricsDisplayCell.h */,
				A02D2F171E58EED1003E65F3 /* MetricsDisplayCell.m */,
				A02D2F1E1E5A2521003E65F3 /* RestaurantInfoTableViewCell.h */,
				A02D2F1F1E5A2521003E65F3 /* RestaurantInfoTableViewCell.m */,
				A0282C111E5F5BB400CE089F /* HoursTableViewCell.h */,
				A0282C121E5F5BB400CE089F /* HoursTableViewCell.m */,
				A028D5481E789FC4001C7E89 /* MenuTableViewCell.h */,
				A028D5491E789FC4001C7E89 /* MenuTableViewCell.m */,
				A0B28F5B1E93844B00656253 /* AttributionTableViewCell.h */,
				A0B28F5C1E93844B00656253 /* AttributionTableViewCell.m */,
			);
			name = "Restaurant Page";
			sourceTree = "<group>";
		};
		A033E5A21E43E76600D4B9AC /* Categories */ = {
			isa = PBXGroup;
			children = (
				A04B9F811EC0E74400E11809 /* UIImage */,
				A04B996D1E7204B0004AE07A /* UIFont */,
				A033E5A31E43E77100D4B9AC /* NSString */,
			);
			name = Categories;
			sourceTree = "<group>";
		};
		A033E5A31E43E77100D4B9AC /* NSString */ = {
			isa = PBXGroup;
			children = (
				A033E59F1E43E76300D4B9AC /* NSString+IsEmpty.h */,
				A033E5A01E43E76300D4B9AC /* NSString+IsEmpty.m */,
				A033E59C1E43E74900D4B9AC /* NSString+Trim.h */,
				A033E59D1E43E74900D4B9AC /* NSString+Trim.m */,
			);
			name = NSString;
			sourceTree = "<group>";
		};
		A03448A91EB6593100C37BE4 /* Browse */ = {
			isa = PBXGroup;
			children = (
				A03448AA1EB6594B00C37BE4 /* BrowseVideo.h */,
				A03448AB1EB6594B00C37BE4 /* BrowseVideo.m */,
			);
			name = Browse;
			sourceTree = "<group>";
		};
		A039F87B1E99B69D0093CE24 /* Search */ = {
			isa = PBXGroup;
			children = (
				A04B99A11E74CE7E004AE07A /* SuggestionTableViewCell.h */,
				A04B99A21E74CE7E004AE07A /* SuggestionTableViewCell.m */,
				A0EDD6B21E980947007A2445 /* SearchTableViewCell.h */,
				A0EDD6B31E980947007A2445 /* SearchTableViewCell.m */,
				A039F87F1E99F5280093CE24 /* CategoryCollectionViewCell.h */,
				A039F8801E99F5280093CE24 /* CategoryCollectionViewCell.m */,
				A039F8A11E9D3D930093CE24 /* ResultTableViewCell.h */,
				A039F8A21E9D3D930093CE24 /* ResultTableViewCell.m */,
			);
			name = Search;
			sourceTree = "<group>";
		};
		A039F8891E9A11820093CE24 /* Asset Preview */ = {
			isa = PBXGroup;
			children = (
				A039F8861E9A0DD90093CE24 /* AssetPreviewViewController.h */,
				A039F8871E9A0DD90093CE24 /* AssetPreviewViewController.m */,
				A039F8831E9A0D560093CE24 /* AnimationPreviewViewController.h */,
				A039F8841E9A0D560093CE24 /* AnimationPreviewViewController.m */,
			);
			name = "Asset Preview";
			sourceTree = "<group>";
		};
		A039F88E1E9AB8E00093CE24 /* PreviewAnimation */ = {
			isa = PBXGroup;
			children = (
				A039F88B1E9AB8D90093CE24 /* PreviewAnimation.h */,
				A039F88C1E9AB8D90093CE24 /* PreviewAnimation.m */,
			);
			name = PreviewAnimation;
			sourceTree = "<group>";
		};
		A04B996D1E7204B0004AE07A /* UIFont */ = {
			isa = PBXGroup;
			children = (
				A04B996A1E7204AA004AE07A /* UIFont+Extension.h */,
				A04B996B1E7204AA004AE07A /* UIFont+Extension.m */,
			);
			name = UIFont;
			sourceTree = "<group>";
		};
		A04B996F1E720816004AE07A /* Fonts */ = {
			isa = PBXGroup;
			children = (
				A04B99791E720872004AE07A /* Nunito */,
			);
			name = Fonts;
			sourceTree = "<group>";
		};
		A04B99791E720872004AE07A /* Nunito */ = {
			isa = PBXGroup;
			children = (
				A04B99811E72087A004AE07A /* Nunito-SemiBold.ttf */,
				A04B997A1E72087A004AE07A /* Nunito-Black.ttf */,
				A04B997B1E72087A004AE07A /* Nunito-Bold.ttf */,
				A04B997C1E72087A004AE07A /* Nunito-ExtraBold.ttf */,
				A04B997D1E72087A004AE07A /* Nunito-ExtraLight.ttf */,
				A04B997E1E72087A004AE07A /* Nunito-Light.ttf */,
				A04B997F1E72087A004AE07A /* Nunito-Medium.ttf */,
				A04B99801E72087A004AE07A /* Nunito-Regular.ttf */,
			);
			name = Nunito;
			sourceTree = "<group>";
		};
		A04B99A41E75E1EC004AE07A /* Review Flow */ = {
			isa = PBXGroup;
			children = (
				A0595ED61E457E31001BB324 /* Camera */,
				A0595F0B1E47C92B001BB324 /* TPLAssetPreviewController.h */,
				A0595F0C1E47C92B001BB324 /* TPLAssetPreviewController.m */,
				A04B998D1E7265D0004AE07A /* RestaurantSearchViewController.h */,
				A04B998E1E7265D0004AE07A /* RestaurantSearchViewController.m */,
				A0595F071E47BE8C001BB324 /* Ratings */,
			);
			name = "Review Flow";
			sourceTree = "<group>";
		};
		A04B9F811EC0E74400E11809 /* UIImage */ = {
			isa = PBXGroup;
			children = (
				A04B9F821EC0E79800E11809 /* UIImage+Utilities.h */,
				A04B9F831EC0E79800E11809 /* UIImage+Utilities.m */,
			);
			name = UIImage;
			sourceTree = "<group>";
		};
		A04B9F851EC2581300E11809 /* Texture Cells */ = {
			isa = PBXGroup;
			children = (
				A04B9F861EC2582600E11809 /* Main Page */,
				A0084D8C1EB5BAA100976F4A /* Browse */,
				A04B9F871EC263E800E11809 /* AlbumCellNode.h */,
				A04B9F881EC263E800E11809 /* AlbumCellNode.m */,
			);
			name = "Texture Cells";
			sourceTree = "<group>";
		};
		A04B9F861EC2582600E11809 /* Main Page */ = {
			isa = PBXGroup;
			children = (
				A09338881EB3F8DA000DCD3C /* DiscoverNode.h */,
				A09338891EB3F8DA000DCD3C /* DiscoverNode.m */,
			);
			name = "Main Page";
			sourceTree = "<group>";
		};
		A0595ED51E457E1E001BB324 /* Login/Onboarding */ = {
			isa = PBXGroup;
			children = (
				A0D418D61E3695C0004DDC6C /* LoginViewController.h */,
				A0D418D71E3695C0004DDC6C /* LoginViewController.m */,
				A02D2EED1E5508B4003E65F3 /* UsernamePromptViewController.h */,
				A02D2EEE1E5508B4003E65F3 /* UsernamePromptViewController.m */,
				A088C5721E7B4C1900ACA764 /* PermissionViewController.h */,
				A088C5731E7B4C1900ACA764 /* PermissionViewController.m */,
				A054C3551E84E3C900A3D90B /* ServiceErrorView.h */,
				A054C3561E84E3C900A3D90B /* ServiceErrorView.m */,
			);
			name = Login/Onboarding;
			sourceTree = "<group>";
		};
		A0595ED61E457E31001BB324 /* Camera */ = {
			isa = PBXGroup;
			children = (
				A04B99981E7480AE004AE07A /* TabCameraViewController.h */,
				A04B99991E7480AE004AE07A /* TabCameraViewController.m */,
				A0595ED71E45810E001BB324 /* TPLCameraPreviewView.h */,
				A0595ED81E45810E001BB324 /* TPLCameraPreviewView.m */,
				A0595EDA1E458124001BB324 /* TPLCamPhotoCaptureDelegate.h */,
				A0595EDB1E458124001BB324 /* TPLCamPhotoCaptureDelegate.m */,
				A088C5A31E7F523E00ACA764 /* Album/Drafts */,
			);
			name = Camera;
			sourceTree = "<group>";
		};
		A0595F071E47BE8C001BB324 /* Ratings */ = {
			isa = PBXGroup;
			children = (
				A088C58E1E7E2DB300ACA764 /* Rating Views */,
				A0C86DA31E650E5B00FB3C0B /* Rating Filters */,
			);
			name = Ratings;
			sourceTree = "<group>";
		};
		A06AFC661E3FB413006ED71E /* Mantle Objects */ = {
			isa = PBXGroup;
			children = (
				A03448A91EB6593100C37BE4 /* Browse */,
				A0B28F611E94AD2C00656253 /* User */,
				A088C5831E7CDB0C00ACA764 /* Charts */,
				A0C86DB61E6CFF9B00FB3C0B /* Restaurant */,
			);
			name = "Mantle Objects";
			sourceTree = "<group>";
		};
		A08742D01E8DB7DD00C2AACC /* Analytics */ = {
			isa = PBXGroup;
			children = (
				A08742D41E8DB7EE00C2AACC /* FoodheadAnalytics.h */,
				A08742D51E8DB7EE00C2AACC /* FoodheadAnalytics.m */,
			);
			name = Analytics;
			sourceTree = "<group>";
		};
		A088C5831E7CDB0C00ACA764 /* Charts */ = {
			isa = PBXGroup;
			children = (
				A088C57D1E7CDB0700ACA764 /* Chart.h */,
				A088C57E1E7CDB0700ACA764 /* Chart.m */,
				A088C5841E7CDB8B00ACA764 /* Places.h */,
				A088C5851E7CDB8B00ACA764 /* Places.m */,
			);
			name = Charts;
			sourceTree = "<group>";
		};
		A088C58E1E7E2DB300ACA764 /* Rating Views */ = {
			isa = PBXGroup;
			children = (
				A088C58F1E7E2DD200ACA764 /* HealthRatingView.h */,
				A088C5901E7E2DD200ACA764 /* HealthRatingView.m */,
				A088C5921E7E2DDC00ACA764 /* OverallRatingView.h */,
				A088C5931E7E2DDC00ACA764 /* OverallRatingView.m */,
				A088C5951E7E2DE700ACA764 /* PriceRatingView.h */,
				A088C5961E7E2DE700ACA764 /* PriceRatingView.m */,
				A088C5981E7E2DF600ACA764 /* RatingContainerView.h */,
				A088C5991E7E2DF600ACA764 /* RatingContainerView.m */,
			);
			name = "Rating Views";
			sourceTree = "<group>";
		};
		A088C5A31E7F523E00ACA764 /* Album/Drafts */ = {
			isa = PBXGroup;
			children = (
				A0BED0D21E7A622F00D21298 /* AlbumViewController.h */,
				A0BED0D31E7A622F00D21298 /* AlbumViewController.m */,
			);
			name = Album/Drafts;
			sourceTree = "<group>";
		};
		A088C5AD1E80932300ACA764 /* Restaurant Media */ = {
			isa = PBXGroup;
			children = (
				A039F8891E9A11820093CE24 /* Asset Preview */,
				A088C5AE1E80937000ACA764 /* ReviewMetricView.h */,
				A088C5AF1E80937000ACA764 /* ReviewMetricView.m */,
				A02D2F0B1E580F41003E65F3 /* RestaurantAlbumViewController.h */,
				A02D2F0C1E580F41003E65F3 /* RestaurantAlbumViewController.m */,
			);
			name = "Restaurant Media";
			sourceTree = "<group>";
		};
		A088C5B61E83935C00ACA764 /* Settings */ = {
			isa = PBXGroup;
			children = (
				A088C5B71E83936B00ACA764 /* SettingsViewController.h */,
				A088C5B81E83936B00ACA764 /* SettingsViewController.m */,
			);
			name = Settings;
			sourceTree = "<group>";
		};
		A0B28F611E94AD2C00656253 /* User */ = {
			isa = PBXGroup;
			children = (
				A088C5AA1E80806F00ACA764 /* UserReview.h */,
				A088C5AB1E80806F00ACA764 /* UserReview.m */,
				A02D2EFA1E566012003E65F3 /* User.h */,
				A02D2EFB1E566012003E65F3 /* User.m */,
			);
			name = User;
			sourceTree = "<group>";
		};
		A0B28F621E959D2200656253 /* Location */ = {
			isa = PBXGroup;
			children = (
				A0F4CCC81E3811F0003D56A9 /* LocationManager.h */,
				A0F4CCC91E3811F0003D56A9 /* LocationManager.m */,
			);
			name = Location;
			sourceTree = "<group>";
		};
		A0C86DA31E650E5B00FB3C0B /* Rating Filters */ = {
			isa = PBXGroup;
			children = (
				A0595F041E47BD19001BB324 /* TPLFilterScrollView.h */,
				A0595F051E47BD19001BB324 /* TPLFilterScrollView.m */,
				A0529A831E4AA61500150557 /* FilterView.h */,
				A0529A841E4AA61500150557 /* FilterView.m */,
				A0529A861E4AA66500150557 /* TasteFilterView.h */,
				A0529A871E4AA66500150557 /* TasteFilterView.m */,
				A02D2EF01E5512FC003E65F3 /* BRWSearchView.h */,
				A02D2EF11E5512FC003E65F3 /* BRWSearchView.m */,
				A04B99601E70016E004AE07A /* PriceFilterView.h */,
				A04B99611E70016E004AE07A /* PriceFilterView.m */,
				A04B999B1E74ABC5004AE07A /* HealthFilterView.h */,
				A04B999C1E74ABC5004AE07A /* HealthFilterView.m */,
			);
			name = "Rating Filters";
			sourceTree = "<group>";
		};
		A0C86DB61E6CFF9B00FB3C0B /* Restaurant */ = {
			isa = PBXGroup;
			children = (
				A0F4CCCB1E3836B7003D56A9 /* TPLRestaurant.h */,
				A0F4CCCC1E3836B7003D56A9 /* TPLRestaurant.m */,
				A0C86DB31E6CFF9500FB3C0B /* TPLDetailedRestaurant.h */,
				A0C86DB41E6CFF9500FB3C0B /* TPLDetailedRestaurant.m */,
				A04B99911E72676F004AE07A /* RestaurantReview.h */,
				A04B99921E72676F004AE07A /* RestaurantReview.m */,
				A039F8A41E9D7B980093CE24 /* Category.h */,
				A039F8A51E9D7B980093CE24 /* Category.m */,
			);
			name = Restaurant;
			sourceTree = "<group>";
		};
		A0D418D91E3695C6004DDC6C /* Model */ = {
			isa = PBXGroup;
			children = (
				A0F0D3BA1EC5160600B60040 /* Realm Objects */,
				A06AFC661E3FB413006ED71E /* Mantle Objects */,
			);
			name = Model;
			sourceTree = "<group>";
		};
		A0D418DA1E3695CB004DDC6C /* Views */ = {
			isa = PBXGroup;
			children = (
				A02D2F0F1E581588003E65F3 /* Charts */,
				A0EDD6B11E980927007A2445 /* Search */,
				A0084D881EB5B7C400976F4A /* Browse */,
				A02D2F0A1E580EBD003E65F3 /* Restaurant Page */,
				A04B99A41E75E1EC004AE07A /* Review Flow */,
				A02D2F031E57AFF5003E65F3 /* Profile */,
				A0595ED51E457E1E001BB324 /* Login/Onboarding */,
				A0D418DC1E3695FD004DDC6C /* Cells */,
				A088C5BD1E84B4C400ACA764 /* UserFeedbackViewController.h */,
				A088C5BE1E84B4C400ACA764 /* UserFeedbackViewController.m */,
			);
			name = Views;
			sourceTree = "<group>";
		};
		A0D418DB1E3695D2004DDC6C /* ViewModels */ = {
			isa = PBXGroup;
			children = (
				A0B28F621E959D2200656253 /* Location */,
				A0F4CCCE1E38385C003D56A9 /* Networking */,
				A084A6651E3D3A3A008A3DCE /* TPLChartsViewModel.h */,
				A084A6661E3D3A3A008A3DCE /* TPLChartsViewModel.m */,
				A0ED82891E427BCB0029D96E /* TPLRestaurantPageViewModel.h */,
				A0ED828A1E427BCB0029D96E /* TPLRestaurantPageViewModel.m */,
				A0F4CCD61E38408C003D56A9 /* TabledCollectionManager.h */,
				A0F4CCD71E38408C003D56A9 /* TabledCollectionManager.m */,
			);
			name = ViewModels;
			sourceTree = "<group>";
		};
		A0D418DC1E3695FD004DDC6C /* Cells */ = {
			isa = PBXGroup;
			children = (
				A04B9F851EC2581300E11809 /* Texture Cells */,
				A023D7571E8AF36A00F23D85 /* Profile */,
				A02D2F141E58EEA1003E65F3 /* Charts */,
				A02D2F151E58EEA9003E65F3 /* Restaurant Page */,
				A039F87B1E99B69D0093CE24 /* Search */,
				A02D2F131E58EE81003E65F3 /* Tabled Collection */,
			);
			name = Cells;
			sourceTree = "<group>";
		};
		A0D418E01E36982F004DDC6C /* Login/Sign Up */ = {
			isa = PBXGroup;
			children = (
				A0D418E11E3698B0004DDC6C /* UserAuthManager.h */,
				A0D418E21E3698B0004DDC6C /* UserAuthManager.m */,
			);
			name = "Login/Sign Up";
			sourceTree = "<group>";
		};
		A0E843F71E28034000BE98B1 = {
			isa = PBXGroup;
			children = (
				A0D418D91E3695C6004DDC6C /* Model */,
				A0D418DB1E3695D2004DDC6C /* ViewModels */,
				A0D418DA1E3695CB004DDC6C /* Views */,
				A0E844021E28034000BE98B1 /* Foodhead */,
				A0E844011E28034000BE98B1 /* Products */,
				06D2B6CFAD0F0144B7C8FCB4 /* Frameworks */,
				08669A2478414E9BFB0E44CC /* Pods */,
			);
			sourceTree = "<group>";
		};
		A0E844011E28034000BE98B1 /* Products */ = {
			isa = PBXGroup;
			children = (
				A0E844001E28034000BE98B1 /* Foodhead.app */,
			);
			name = Products;
			sourceTree = "<group>";
		};
		A0E844021E28034000BE98B1 /* Foodhead */ = {
			isa = PBXGroup;
			children = (
				A0E844111E28034000BE98B1 /* LaunchScreen.storyboard */,
				A0E8440F1E28034000BE98B1 /* Assets.xcassets */,
				A0E844141E28034000BE98B1 /* Info.plist */,
				A0E844031E28034000BE98B1 /* Supporting Files */,
			);
			path = Foodhead;
			sourceTree = "<group>";
		};
		A0E844031E28034000BE98B1 /* Supporting Files */ = {
			isa = PBXGroup;
			children = (
				A039F88E1E9AB8E00093CE24 /* PreviewAnimation */,
				A08742D01E8DB7DD00C2AACC /* Analytics */,
				A039F8921E9AF45B0093CE24 /* UIDeviceHardware.h */,
				A039F8931E9AF45B0093CE24 /* UIDeviceHardware.m */,
				A028D53B1E7795F1001C7E89 /* LayoutBounds.h */,
				A028D53C1E7795F1001C7E89 /* LayoutBounds.m */,
				A04B996F1E720816004AE07A /* Fonts */,
				A033E5A21E43E76600D4B9AC /* Categories */,
				A0E844061E28034000BE98B1 /* AppDelegate.h */,
				A0E844071E28034000BE98B1 /* AppDelegate.m */,
				A04B995A1E6F94AC004AE07A /* FoodWiseDefines.h */,
				A0EDD6AC1E973DF3007A2445 /* Foodhead_Prefix.pch */,
				A0E844041E28034000BE98B1 /* main.m */,
			);
			name = "Supporting Files";
			sourceTree = "<group>";
		};
		A0EDD6B11E980927007A2445 /* Search */ = {
			isa = PBXGroup;
			children = (
				A0EDD6AE1E9762A3007A2445 /* SearchViewController.h */,
				A0EDD6AF1E9762A3007A2445 /* SearchViewController.m */,
				A039F89E1E9C45D80093CE24 /* SearchFilterView.h */,
				A039F89F1E9C45D80093CE24 /* SearchFilterView.m */,
			);
			name = Search;
			sourceTree = "<group>";
		};
		A0F0D3BA1EC5160600B60040 /* Realm Objects */ = {
			isa = PBXGroup;
			children = (
				A0F0D3BB1EC5169100B60040 /* DiscoverRealm.h */,
				A0F0D3BC1EC5169100B60040 /* DiscoverRealm.m */,
				A0F0D3BE1EC5169E00B60040 /* BrowseVideoRealm.h */,
				A0F0D3BF1EC5169E00B60040 /* BrowseVideoRealm.m */,
			);
			name = "Realm Objects";
			sourceTree = "<group>";
		};
		A0F4CCCE1E38385C003D56A9 /* Networking */ = {
			isa = PBXGroup;
			children = (
				A0D418E01E36982F004DDC6C /* Login/Sign Up */,
				A0F4CCCF1E383873003D56A9 /* TPLChartsDataSource.h */,
				A0F4CCD01E383873003D56A9 /* TPLChartsDataSource.m */,
				A02B80BC1E6E75A6005EA0CE /* TPLRestaurantManager.h */,
				A02B80BD1E6E75A6005EA0CE /* TPLRestaurantManager.m */,
				A07FB4441EBA73B1001CDF89 /* BrowseContentManager.h */,
				A07FB4451EBA73B1001CDF89 /* BrowseContentManager.m */,
			);
			name = Networking;
			sourceTree = "<group>";
		};
/* End PBXGroup section */

/* Begin PBXNativeTarget section */
		A0E843FF1E28034000BE98B1 /* Foodhead */ = {
			isa = PBXNativeTarget;
			buildConfigurationList = A0E844171E28034000BE98B1 /* Build configuration list for PBXNativeTarget "Foodhead" */;
			buildPhases = (
				B170C7F40EE513A83803A72B /* [CP] Check Pods Manifest.lock */,
				A0E843FC1E28034000BE98B1 /* Sources */,
				A0E843FD1E28034000BE98B1 /* Frameworks */,
				A0E843FE1E28034000BE98B1 /* Resources */,
				33435853DF16A1FB67EAA8AF /* [CP] Embed Pods Frameworks */,
				93F9ECA1DC75D5DDD8CEBB86 /* [CP] Copy Pods Resources */,
			);
			buildRules = (
			);
			dependencies = (
			);
			name = Foodhead;
			productName = Foodhead;
			productReference = A0E844001E28034000BE98B1 /* Foodhead.app */;
			productType = "com.apple.product-type.application";
		};
/* End PBXNativeTarget section */

/* Begin PBXProject section */
		A0E843F81E28034000BE98B1 /* Project object */ = {
			isa = PBXProject;
			attributes = {
				LastUpgradeCheck = 0800;
				ORGANIZATIONNAME = "Brian Wong";
				TargetAttributes = {
					A0E843FF1E28034000BE98B1 = {
						CreatedOnToolsVersion = 8.0;
						DevelopmentTeam = 7VDPHN5N3R;
						LastSwiftMigration = 0800;
						ProvisioningStyle = Automatic;
						SystemCapabilities = {
							com.apple.BackgroundModes = {
								enabled = 1;
							};
							com.apple.Keychain = {
								enabled = 1;
							};
							com.apple.Maps.iOS = {
								enabled = 0;
							};
						};
					};
				};
			};
			buildConfigurationList = A0E843FB1E28034000BE98B1 /* Build configuration list for PBXProject "Foodhead" */;
			compatibilityVersion = "Xcode 3.2";
			developmentRegion = English;
			hasScannedForEncodings = 0;
			knownRegions = (
				en,
				Base,
			);
			mainGroup = A0E843F71E28034000BE98B1;
			productRefGroup = A0E844011E28034000BE98B1 /* Products */;
			projectDirPath = "";
			projectRoot = "";
			targets = (
				A0E843FF1E28034000BE98B1 /* Foodhead */,
			);
		};
/* End PBXProject section */

/* Begin PBXResourcesBuildPhase section */
		A0E843FE1E28034000BE98B1 /* Resources */ = {
			isa = PBXResourcesBuildPhase;
			buildActionMask = 2147483647;
			files = (
				A0E844131E28034000BE98B1 /* LaunchScreen.storyboard in Resources */,
				A0E844101E28034000BE98B1 /* Assets.xcassets in Resources */,
				A04B998B1E720B6C004AE07A /* Nunito-Light.ttf in Resources */,
				A04B99871E720A61004AE07A /* Nunito-Bold.ttf in Resources */,
				A04B99881E720A61004AE07A /* Nunito-Medium.ttf in Resources */,
				A04B99891E720A61004AE07A /* Nunito-SemiBold.ttf in Resources */,
				A04B99861E720A51004AE07A /* Nunito-Regular.ttf in Resources */,
			);
			runOnlyForDeploymentPostprocessing = 0;
		};
/* End PBXResourcesBuildPhase section */

/* Begin PBXShellScriptBuildPhase section */
		33435853DF16A1FB67EAA8AF /* [CP] Embed Pods Frameworks */ = {
			isa = PBXShellScriptBuildPhase;
			buildActionMask = 2147483647;
			files = (
			);
			inputPaths = (
			);
			name = "[CP] Embed Pods Frameworks";
			outputPaths = (
			);
			runOnlyForDeploymentPostprocessing = 0;
			shellPath = /bin/sh;
			shellScript = "\"${SRCROOT}/Pods/Target Support Files/Pods-Foodhead/Pods-Foodhead-frameworks.sh\"\n";
			showEnvVarsInLog = 0;
		};
		93F9ECA1DC75D5DDD8CEBB86 /* [CP] Copy Pods Resources */ = {
			isa = PBXShellScriptBuildPhase;
			buildActionMask = 2147483647;
			files = (
			);
			inputPaths = (
			);
			name = "[CP] Copy Pods Resources";
			outputPaths = (
			);
			runOnlyForDeploymentPostprocessing = 0;
			shellPath = /bin/sh;
			shellScript = "\"${SRCROOT}/Pods/Target Support Files/Pods-Foodhead/Pods-Foodhead-resources.sh\"\n";
			showEnvVarsInLog = 0;
		};
		B170C7F40EE513A83803A72B /* [CP] Check Pods Manifest.lock */ = {
			isa = PBXShellScriptBuildPhase;
			buildActionMask = 2147483647;
			files = (
			);
			inputPaths = (
			);
			name = "[CP] Check Pods Manifest.lock";
			outputPaths = (
			);
			runOnlyForDeploymentPostprocessing = 0;
			shellPath = /bin/sh;
			shellScript = "diff \"${PODS_ROOT}/../Podfile.lock\" \"${PODS_ROOT}/Manifest.lock\" > /dev/null\nif [ $? != 0 ] ; then\n    # print error to STDERR\n    echo \"error: The sandbox is not in sync with the Podfile.lock. Run 'pod install' or update your CocoaPods installation.\" >&2\n    exit 1\nfi\n";
			showEnvVarsInLog = 0;
		};
/* End PBXShellScriptBuildPhase section */

/* Begin PBXSourcesBuildPhase section */
		A0E843FC1E28034000BE98B1 /* Sources */ = {
			isa = PBXSourcesBuildPhase;
			buildActionMask = 2147483647;
			files = (
				A088C59A1E7E2DF600ACA764 /* RatingContainerView.m in Sources */,
				A0084D871EB53ECE00976F4A /* DiscoverViewController.m in Sources */,
				A0084D8B1EB5B7DD00976F4A /* BrowseViewController.m in Sources */,
				A0595ED91E45810E001BB324 /* TPLCameraPreviewView.m in Sources */,
				A02D2EE91E53CAD2003E65F3 /* TPLExpandedChartController.m in Sources */,
				A07FB4461EBA73B1001CDF89 /* BrowseContentManager.m in Sources */,
				A039F8A61E9D7B980093CE24 /* Category.m in Sources */,
				A0595EDC1E458124001BB324 /* TPLCamPhotoCaptureDelegate.m in Sources */,
				A088C5BF1E84B4C400ACA764 /* UserFeedbackViewController.m in Sources */,
				A02D2F061E57B00E003E65F3 /* UserProfileView.m in Sources */,
				A023D75A1E8AF39800F23D85 /* ReviewCollectionViewCell.m in Sources */,
				A088C5941E7E2DDC00ACA764 /* OverallRatingView.m in Sources */,
				A0595F061E47BD19001BB324 /* TPLFilterScrollView.m in Sources */,
				A0C86DB51E6CFF9500FB3C0B /* TPLDetailedRestaurant.m in Sources */,
				A08742D61E8DB7EE00C2AACC /* FoodheadAnalytics.m in Sources */,
				A033E5A41E43E7C600D4B9AC /* NSString+Trim.m in Sources */,
				A039F8811E99F5280093CE24 /* CategoryCollectionViewCell.m in Sources */,
				A04B99A31E74CE7E004AE07A /* SuggestionTableViewCell.m in Sources */,
				A04B9F891EC263E800E11809 /* AlbumCellNode.m in Sources */,
				A0F4CCCD1E3836B7003D56A9 /* TPLRestaurant.m in Sources */,
				A0529A881E4AA66500150557 /* TasteFilterView.m in Sources */,
				A02B80BE1E6E75A6005EA0CE /* TPLRestaurantManager.m in Sources */,
				A0ED828B1E427BCB0029D96E /* TPLRestaurantPageViewModel.m in Sources */,
				A093388A1EB3F8DA000DCD3C /* DiscoverNode.m in Sources */,
				A088C5BC1E8393FB00ACA764 /* SettingsTableViewCell.m in Sources */,
				A028D54A1E789FC4001C7E89 /* MenuTableViewCell.m in Sources */,
				A02D2EE61E53C501003E65F3 /* TPLChartSectionView.m in Sources */,
				A039F8A01E9C45D80093CE24 /* SearchFilterView.m in Sources */,
				A0F4CCD81E38408C003D56A9 /* TabledCollectionManager.m in Sources */,
				A03448AC1EB6594B00C37BE4 /* BrowseVideo.m in Sources */,
				A0F0D3BD1EC5169100B60040 /* DiscoverRealm.m in Sources */,
				A04B99931E72676F004AE07A /* RestaurantReview.m in Sources */,
				A04B998F1E7265D0004AE07A /* RestaurantSearchViewController.m in Sources */,
				A0BED0D41E7A622F00D21298 /* AlbumViewController.m in Sources */,
				A0D418E31E3698B0004DDC6C /* UserAuthManager.m in Sources */,
				A0E8440B1E28034000BE98B1 /* ChartsViewController.m in Sources */,
				A0E844221E28071200BE98B1 /* ImageCollectionCell.m in Sources */,
				A088C5AC1E80806F00ACA764 /* UserReview.m in Sources */,
				A02D2F0D1E580F41003E65F3 /* RestaurantAlbumViewController.m in Sources */,
				A088C5971E7E2DE700ACA764 /* PriceRatingView.m in Sources */,
				A04B999D1E74ABC5004AE07A /* HealthFilterView.m in Sources */,
				A08B823E1E5FA7AD00132F6B /* TPLChartCollectionCell.m in Sources */,
				A088C5B91E83936B00ACA764 /* SettingsViewController.m in Sources */,
				A02D2EEF1E5508B4003E65F3 /* UsernamePromptViewController.m in Sources */,
				A0D418D81E3695C0004DDC6C /* LoginViewController.m in Sources */,
				A039F8941E9AF45B0093CE24 /* UIDeviceHardware.m in Sources */,
				A088C5911E7E2DD200ACA764 /* HealthRatingView.m in Sources */,
				A04B9F841EC0E79800E11809 /* UIImage+Utilities.m in Sources */,
				A088C5861E7CDB8B00ACA764 /* Places.m in Sources */,
				A02D2F291E5A497E003E65F3 /* UserProfileViewController.m in Sources */,
				A02D2F201E5A2521003E65F3 /* RestaurantInfoTableViewCell.m in Sources */,
				A084A66A1E3D3FDF008A3DCE /* TPLRestaurantPageViewController.m in Sources */,
				A0B28F5D1E93844B00656253 /* AttributionTableViewCell.m in Sources */,
				A04B996C1E7204AA004AE07A /* UIFont+Extension.m in Sources */,
				A028D53D1E7795F1001C7E89 /* LayoutBounds.m in Sources */,
				A054C3571E84E3C900A3D90B /* ServiceErrorView.m in Sources */,
				A0E844081E28034000BE98B1 /* AppDelegate.m in Sources */,
				A028D5431E7858B2001C7E89 /* RestaurantDetailsTableViewCell.m in Sources */,
				A02D2EFC1E566012003E65F3 /* User.m in Sources */,
				A039F8AA1EA805780093CE24 /* ExpandedChartCollectionViewCell.m in Sources */,
				A0EDD6B41E980947007A2445 /* SearchTableViewCell.m in Sources */,
				A039F8851E9A0D560093CE24 /* AnimationPreviewViewController.m in Sources */,
				A0F4CCCA1E3811F0003D56A9 /* LocationManager.m in Sources */,
				A0F0D3C01EC5169E00B60040 /* BrowseVideoRealm.m in Sources */,
				A0F4CCD11E383873003D56A9 /* TPLChartsDataSource.m in Sources */,
				A033E5A11E43E76300D4B9AC /* NSString+IsEmpty.m in Sources */,
				A0084D8F1EB5BAB700976F4A /* BrowsePlayerNode.m in Sources */,
				A088C57F1E7CDB0700ACA764 /* Chart.m in Sources */,
				A0EDD6B01E9762A3007A2445 /* SearchViewController.m in Sources */,
				A02D2F181E58EED1003E65F3 /* MetricsDisplayCell.m in Sources */,
				A088C5741E7B4C1900ACA764 /* PermissionViewController.m in Sources */,
				A084A6671E3D3A3A008A3DCE /* TPLChartsViewModel.m in Sources */,
				A039F88D1E9AB8D90093CE24 /* PreviewAnimation.m in Sources */,
				A0282C131E5F5BB400CE089F /* HoursTableViewCell.m in Sources */,
				A088C5B01E80937000ACA764 /* ReviewMetricView.m in Sources */,
				A02D2EF21E5512FC003E65F3 /* BRWSearchView.m in Sources */,
				A039F8881E9A0DD90093CE24 /* AssetPreviewViewController.m in Sources */,
				A0529A851E4AA61500150557 /* FilterView.m in Sources */,
				A0595F0D1E47C92B001BB324 /* TPLAssetPreviewController.m in Sources */,
				A039F8A31E9D3D930093CE24 /* ResultTableViewCell.m in Sources */,
				A0E8441F1E2806FE00BE98B1 /* TabledCollectionCell.m in Sources */,
				A04B999A1E7480AE004AE07A /* TabCameraViewController.m in Sources */,
				A0BED0D71E7A7ACE00D21298 /* WebViewController.m in Sources */,
				A04B99621E70016E004AE07A /* PriceFilterView.m in Sources */,
				A0E844051E28034000BE98B1 /* main.m in Sources */,
			);
			runOnlyForDeploymentPostprocessing = 0;
		};
/* End PBXSourcesBuildPhase section */

/* Begin PBXVariantGroup section */
		A0E844111E28034000BE98B1 /* LaunchScreen.storyboard */ = {
			isa = PBXVariantGroup;
			children = (
				A0E844121E28034000BE98B1 /* Base */,
			);
			name = LaunchScreen.storyboard;
			sourceTree = "<group>";
		};
/* End PBXVariantGroup section */

/* Begin XCBuildConfiguration section */
		A05B9CDB1E971211000296BF /* Development */ = {
			isa = XCBuildConfiguration;
			buildSettings = {
				ALWAYS_SEARCH_USER_PATHS = NO;
				CLANG_ANALYZER_NONNULL = YES;
				CLANG_CXX_LANGUAGE_STANDARD = "gnu++0x";
				CLANG_CXX_LIBRARY = "libc++";
				CLANG_ENABLE_MODULES = YES;
				CLANG_ENABLE_OBJC_ARC = YES;
				CLANG_WARN_BOOL_CONVERSION = YES;
				CLANG_WARN_CONSTANT_CONVERSION = YES;
				CLANG_WARN_DIRECT_OBJC_ISA_USAGE = YES_ERROR;
				CLANG_WARN_DOCUMENTATION_COMMENTS = YES;
				CLANG_WARN_EMPTY_BODY = YES;
				CLANG_WARN_ENUM_CONVERSION = YES;
				CLANG_WARN_INFINITE_RECURSION = YES;
				CLANG_WARN_INT_CONVERSION = YES;
				CLANG_WARN_OBJC_ROOT_CLASS = YES_ERROR;
				CLANG_WARN_SUSPICIOUS_MOVE = YES;
				CLANG_WARN_SUSPICIOUS_MOVES = YES;
				CLANG_WARN_UNREACHABLE_CODE = YES;
				CLANG_WARN__DUPLICATE_METHOD_MATCH = YES;
				"CODE_SIGN_IDENTITY[sdk=iphoneos*]" = "iPhone Developer";
				COPY_PHASE_STRIP = NO;
				DEBUG_INFORMATION_FORMAT = dwarf;
				ENABLE_STRICT_OBJC_MSGSEND = YES;
				ENABLE_TESTABILITY = YES;
				GCC_C_LANGUAGE_STANDARD = gnu99;
				GCC_DYNAMIC_NO_PIC = NO;
				GCC_NO_COMMON_BLOCKS = YES;
				GCC_OPTIMIZATION_LEVEL = 0;
				GCC_PREPROCESSOR_DEFINITIONS = (
					"DEBUG=1",
					"$(inherited)",
				);
				GCC_WARN_64_TO_32_BIT_CONVERSION = YES;
				GCC_WARN_ABOUT_RETURN_TYPE = YES_ERROR;
				GCC_WARN_UNDECLARED_SELECTOR = YES;
				GCC_WARN_UNINITIALIZED_AUTOS = YES_AGGRESSIVE;
				GCC_WARN_UNUSED_FUNCTION = YES;
				GCC_WARN_UNUSED_VARIABLE = YES;
				IPHONEOS_DEPLOYMENT_TARGET = 10.0;
				MTL_ENABLE_DEBUG_INFO = YES;
				ONLY_ACTIVE_ARCH = YES;
				SDKROOT = iphoneos;
			};
			name = Development;
		};
		A05B9CDC1E971211000296BF /* Development */ = {
			isa = XCBuildConfiguration;
			baseConfigurationReference = 3139FE4D95A83584004CB270 /* Pods-Foodhead.development.xcconfig */;
			buildSettings = {
				ALWAYS_EMBED_SWIFT_STANDARD_LIBRARIES = NO;
				ASSETCATALOG_COMPILER_APPICON_NAME = AppIconDev;
				CLANG_ENABLE_MODULES = YES;
				DEBUG_ACTIVITY_MODE = "";
				"DEBUG_ACTIVITY_MODE[sdk=iphonesimulator*]" = disable;
				DEVELOPMENT_TEAM = 7VDPHN5N3R;
				FRAMEWORK_SEARCH_PATHS = (
					"$(inherited)",
					"$(PROJECT_DIR)",
				);
				GCC_PREFIX_HEADER = Foodhead/Foodhead_Prefix.pch;
				GCC_PREPROCESSOR_DEFINITIONS = (
					"$(inherited)",
					"COCOAPODS=1",
					"DEVELOPMENT=1",
				);
				HEADER_SEARCH_PATHS = "";
				INFOPLIST_FILE = Foodhead/Info.plist;
				IPHONEOS_DEPLOYMENT_TARGET = 10.0;
				LD_RUNPATH_SEARCH_PATHS = "$(inherited) @executable_path/Frameworks";
				LIBRARY_SEARCH_PATHS = "";
				OTHER_LDFLAGS = (
					"$(inherited)",
					"-framework",
					"\"AFNetworking\"",
					"-framework",
					"\"Mantle\"",
					"-framework",
					"\"SDWebImage\"",
					"-ObjC",
				);
				PRODUCT_BUNDLE_IDENTIFIER = com.dev.gotaplet.Foodhead;
				PRODUCT_NAME = "$(TARGET_NAME)";
				SWIFT_OPTIMIZATION_LEVEL = "-Onone";
				SWIFT_VERSION = 3.0;
			};
			name = Development;
		};
		A0E844151E28034000BE98B1 /* Debug */ = {
			isa = XCBuildConfiguration;
			buildSettings = {
				ALWAYS_SEARCH_USER_PATHS = NO;
				CLANG_ANALYZER_NONNULL = YES;
				CLANG_CXX_LANGUAGE_STANDARD = "gnu++0x";
				CLANG_CXX_LIBRARY = "libc++";
				CLANG_ENABLE_MODULES = YES;
				CLANG_ENABLE_OBJC_ARC = YES;
				CLANG_WARN_BOOL_CONVERSION = YES;
				CLANG_WARN_CONSTANT_CONVERSION = YES;
				CLANG_WARN_DIRECT_OBJC_ISA_USAGE = YES_ERROR;
				CLANG_WARN_DOCUMENTATION_COMMENTS = YES;
				CLANG_WARN_EMPTY_BODY = YES;
				CLANG_WARN_ENUM_CONVERSION = YES;
				CLANG_WARN_INFINITE_RECURSION = YES;
				CLANG_WARN_INT_CONVERSION = YES;
				CLANG_WARN_OBJC_ROOT_CLASS = YES_ERROR;
				CLANG_WARN_SUSPICIOUS_MOVE = YES;
				CLANG_WARN_SUSPICIOUS_MOVES = YES;
				CLANG_WARN_UNREACHABLE_CODE = YES;
				CLANG_WARN__DUPLICATE_METHOD_MATCH = YES;
				"CODE_SIGN_IDENTITY[sdk=iphoneos*]" = "iPhone Developer";
				COPY_PHASE_STRIP = NO;
				DEBUG_INFORMATION_FORMAT = dwarf;
				ENABLE_STRICT_OBJC_MSGSEND = YES;
				ENABLE_TESTABILITY = YES;
				GCC_C_LANGUAGE_STANDARD = gnu99;
				GCC_DYNAMIC_NO_PIC = NO;
				GCC_NO_COMMON_BLOCKS = YES;
				GCC_OPTIMIZATION_LEVEL = 0;
				GCC_PREPROCESSOR_DEFINITIONS = (
					"DEBUG=1",
					"$(inherited)",
				);
				GCC_WARN_64_TO_32_BIT_CONVERSION = YES;
				GCC_WARN_ABOUT_RETURN_TYPE = YES_ERROR;
				GCC_WARN_UNDECLARED_SELECTOR = YES;
				GCC_WARN_UNINITIALIZED_AUTOS = YES_AGGRESSIVE;
				GCC_WARN_UNUSED_FUNCTION = YES;
				GCC_WARN_UNUSED_VARIABLE = YES;
				IPHONEOS_DEPLOYMENT_TARGET = 10.0;
				MTL_ENABLE_DEBUG_INFO = YES;
				ONLY_ACTIVE_ARCH = YES;
				SDKROOT = iphoneos;
			};
			name = Debug;
		};
		A0E844161E28034000BE98B1 /* Release */ = {
			isa = XCBuildConfiguration;
			buildSettings = {
				ALWAYS_SEARCH_USER_PATHS = NO;
				CLANG_ANALYZER_NONNULL = YES;
				CLANG_CXX_LANGUAGE_STANDARD = "gnu++0x";
				CLANG_CXX_LIBRARY = "libc++";
				CLANG_ENABLE_MODULES = YES;
				CLANG_ENABLE_OBJC_ARC = YES;
				CLANG_WARN_BOOL_CONVERSION = YES;
				CLANG_WARN_CONSTANT_CONVERSION = YES;
				CLANG_WARN_DIRECT_OBJC_ISA_USAGE = YES_ERROR;
				CLANG_WARN_DOCUMENTATION_COMMENTS = YES;
				CLANG_WARN_EMPTY_BODY = YES;
				CLANG_WARN_ENUM_CONVERSION = YES;
				CLANG_WARN_INFINITE_RECURSION = YES;
				CLANG_WARN_INT_CONVERSION = YES;
				CLANG_WARN_OBJC_ROOT_CLASS = YES_ERROR;
				CLANG_WARN_SUSPICIOUS_MOVE = YES;
				CLANG_WARN_SUSPICIOUS_MOVES = YES;
				CLANG_WARN_UNREACHABLE_CODE = YES;
				CLANG_WARN__DUPLICATE_METHOD_MATCH = YES;
				"CODE_SIGN_IDENTITY[sdk=iphoneos*]" = "iPhone Developer";
				COPY_PHASE_STRIP = NO;
				DEBUG_INFORMATION_FORMAT = "dwarf-with-dsym";
				ENABLE_NS_ASSERTIONS = NO;
				ENABLE_STRICT_OBJC_MSGSEND = YES;
				GCC_C_LANGUAGE_STANDARD = gnu99;
				GCC_NO_COMMON_BLOCKS = YES;
				GCC_WARN_64_TO_32_BIT_CONVERSION = YES;
				GCC_WARN_ABOUT_RETURN_TYPE = YES_ERROR;
				GCC_WARN_UNDECLARED_SELECTOR = YES;
				GCC_WARN_UNINITIALIZED_AUTOS = YES_AGGRESSIVE;
				GCC_WARN_UNUSED_FUNCTION = YES;
				GCC_WARN_UNUSED_VARIABLE = YES;
				IPHONEOS_DEPLOYMENT_TARGET = 10.0;
				MTL_ENABLE_DEBUG_INFO = NO;
				ONLY_ACTIVE_ARCH = YES;
				SDKROOT = iphoneos;
				VALIDATE_PRODUCT = YES;
			};
			name = Release;
		};
		A0E844181E28034000BE98B1 /* Debug */ = {
			isa = XCBuildConfiguration;
			baseConfigurationReference = CB7693394A98CCDE854D60F6 /* Pods-Foodhead.debug.xcconfig */;
			buildSettings = {
				ALWAYS_EMBED_SWIFT_STANDARD_LIBRARIES = NO;
				ASSETCATALOG_COMPILER_APPICON_NAME = AppIcon;
				CLANG_ENABLE_MODULES = YES;
				DEBUG_ACTIVITY_MODE = "";
				"DEBUG_ACTIVITY_MODE[sdk=iphonesimulator*]" = disable;
				DEVELOPMENT_TEAM = 7VDPHN5N3R;
				FRAMEWORK_SEARCH_PATHS = (
					"$(inherited)",
					"$(PROJECT_DIR)",
				);
				GCC_PREFIX_HEADER = Foodhead/Foodhead_Prefix.pch;
				GCC_PREPROCESSOR_DEFINITIONS = (
					"$(inherited)",
					"COCOAPODS=1",
					"PRODUCTION=1",
				);
				HEADER_SEARCH_PATHS = "";
				INFOPLIST_FILE = Foodhead/Info.plist;
				IPHONEOS_DEPLOYMENT_TARGET = 10.0;
				LD_RUNPATH_SEARCH_PATHS = "$(inherited) @executable_path/Frameworks";
				LIBRARY_SEARCH_PATHS = "";
				OTHER_LDFLAGS = (
					"$(inherited)",
					"-framework",
					"\"AFNetworking\"",
					"-framework",
					"\"Mantle\"",
					"-framework",
					"\"SDWebImage\"",
					"-ObjC",
				);
				PRODUCT_BUNDLE_IDENTIFIER = com.gotaplet.Foodhead;
				PRODUCT_NAME = "$(TARGET_NAME)";
				SWIFT_OPTIMIZATION_LEVEL = "-Onone";
				SWIFT_VERSION = 3.0;
			};
			name = Debug;
		};
		A0E844191E28034000BE98B1 /* Release */ = {
			isa = XCBuildConfiguration;
			baseConfigurationReference = E63E27DEE3A519B2AF1E6772 /* Pods-Foodhead.release.xcconfig */;
			buildSettings = {
				ALWAYS_EMBED_SWIFT_STANDARD_LIBRARIES = NO;
				ASSETCATALOG_COMPILER_APPICON_NAME = AppIcon;
				CLANG_ENABLE_MODULES = YES;
				DEBUG_ACTIVITY_MODE = "";
				DEVELOPMENT_TEAM = 7VDPHN5N3R;
				FRAMEWORK_SEARCH_PATHS = (
					"$(inherited)",
					"$(PROJECT_DIR)",
				);
				GCC_PREFIX_HEADER = Foodhead/Foodhead_Prefix.pch;
				GCC_PREPROCESSOR_DEFINITIONS = (
					"$(inherited)",
					"COCOAPODS=1",
					"PRODUCTION=1",
				);
				HEADER_SEARCH_PATHS = "";
				INFOPLIST_FILE = Foodhead/Info.plist;
				IPHONEOS_DEPLOYMENT_TARGET = 10.0;
				LD_RUNPATH_SEARCH_PATHS = "$(inherited) @executable_path/Frameworks";
				LIBRARY_SEARCH_PATHS = "";
				OTHER_LDFLAGS = (
					"$(inherited)",
					"-framework",
					"\"AFNetworking\"",
					"-framework",
					"\"Mantle\"",
					"-framework",
					"\"SDWebImage\"",
					"-ObjC",
				);
				PRODUCT_BUNDLE_IDENTIFIER = com.gotaplet.Foodhead;
				PRODUCT_NAME = "$(TARGET_NAME)";
				SWIFT_VERSION = 3.0;
			};
			name = Release;
		};
/* End XCBuildConfiguration section */

/* Begin XCConfigurationList section */
		A0E843FB1E28034000BE98B1 /* Build configuration list for PBXProject "Foodhead" */ = {
			isa = XCConfigurationList;
			buildConfigurations = (
				A0E844151E28034000BE98B1 /* Debug */,
				A05B9CDB1E971211000296BF /* Development */,
				A0E844161E28034000BE98B1 /* Release */,
			);
			defaultConfigurationIsVisible = 0;
			defaultConfigurationName = Release;
		};
		A0E844171E28034000BE98B1 /* Build configuration list for PBXNativeTarget "Foodhead" */ = {
			isa = XCConfigurationList;
			buildConfigurations = (
				A0E844181E28034000BE98B1 /* Debug */,
				A05B9CDC1E971211000296BF /* Development */,
				A0E844191E28034000BE98B1 /* Release */,
			);
			defaultConfigurationIsVisible = 0;
			defaultConfigurationName = Release;
		};
/* End XCConfigurationList section */
	};
	rootObject = A0E843F81E28034000BE98B1 /* Project object */;
}
